// !$*UTF8*$!
{
	archiveVersion = 1;
	classes = {
	};
	objectVersion = 46;
	objects = {

/* Begin PBXBuildFile section */
		0C195E56EB02D391BFC2E74A /* libPods-UnDiaParaDar.a in Frameworks */ = {isa = PBXBuildFile; fileRef = 359A3C02F8A8EA8BBC360584 /* libPods-UnDiaParaDar.a */; };
		0D0610691BD030AB00595A9A /* UIColor+Transformation.m in Sources */ = {isa = PBXBuildFile; fileRef = 0D0610681BD030AB00595A9A /* UIColor+Transformation.m */; };
		0D11F4881BB37D4300AFE46D /* TermsAndConditionsAssembly.m in Sources */ = {isa = PBXBuildFile; fileRef = 0D11F4871BB37D4300AFE46D /* TermsAndConditionsAssembly.m */; };
		0D11F48B1BB37DCD00AFE46D /* TermsAndConditionsViewController.m in Sources */ = {isa = PBXBuildFile; fileRef = 0D11F48A1BB37DCD00AFE46D /* TermsAndConditionsViewController.m */; };
		0D11F48E1BB37EB200AFE46D /* TermsAndConditionsPresenter.m in Sources */ = {isa = PBXBuildFile; fileRef = 0D11F48D1BB37EB200AFE46D /* TermsAndConditionsPresenter.m */; };
		0D11F4911BB37FA000AFE46D /* TermsAndConditionsView.m in Sources */ = {isa = PBXBuildFile; fileRef = 0D11F4901BB37FA000AFE46D /* TermsAndConditionsView.m */; };
		0D11F4931BB380EE00AFE46D /* env.plist in Resources */ = {isa = PBXBuildFile; fileRef = 0D11F4921BB380EE00AFE46D /* env.plist */; };
		0D11F4951BB3810400AFE46D /* termsAndConditions.html in Resources */ = {isa = PBXBuildFile; fileRef = 0D11F4941BB3810400AFE46D /* termsAndConditions.html */; };
		0D1763771BB463A500C6E664 /* queEsUdpd.html in Resources */ = {isa = PBXBuildFile; fileRef = 0D1763761BB463A500C6E664 /* queEsUdpd.html */; };
		0D17637F1BB4646100C6E664 /* QueEsModuleAssembly.m in Sources */ = {isa = PBXBuildFile; fileRef = 0D17637E1BB4646100C6E664 /* QueEsModuleAssembly.m */; };
		0D1763821BB4647F00C6E664 /* QueEsViewController.m in Sources */ = {isa = PBXBuildFile; fileRef = 0D1763811BB4647F00C6E664 /* QueEsViewController.m */; };
		0D1763851BB464C300C6E664 /* QueEsPresenter.m in Sources */ = {isa = PBXBuildFile; fileRef = 0D1763841BB464C300C6E664 /* QueEsPresenter.m */; };
		0D1763881BB464CE00C6E664 /* QueEsView.m in Sources */ = {isa = PBXBuildFile; fileRef = 0D1763871BB464CE00C6E664 /* QueEsView.m */; };
		0D3D72351BBB6510006EC1E9 /* RestkitService.m in Sources */ = {isa = PBXBuildFile; fileRef = 0D3D72341BBB6510006EC1E9 /* RestkitService.m */; };
		0D3DB3C31B7546D90052F46B /* MenuViewController.m in Sources */ = {isa = PBXBuildFile; fileRef = 0D3DB3C21B7546D90052F46B /* MenuViewController.m */; };
		0D44DADA1B90E62600A274BD /* MenuOptionViewCell.m in Sources */ = {isa = PBXBuildFile; fileRef = 0D44DAD91B90E62600A274BD /* MenuOptionViewCell.m */; };
		0D4B13BA1BA4BB5D00961764 /* RemoteImageView.m in Sources */ = {isa = PBXBuildFile; fileRef = 0D4B13B91BA4BB5D00961764 /* RemoteImageView.m */; };
		0D6199D61BC0A18000A8C987 /* PositiveActionViewController.m in Sources */ = {isa = PBXBuildFile; fileRef = 0D6199D51BC0A18000A8C987 /* PositiveActionViewController.m */; };
		0D6612C91B98C69C006C272F /* ButtonFactory.m in Sources */ = {isa = PBXBuildFile; fileRef = 0D6612C81B98C69C006C272F /* ButtonFactory.m */; };
		0D6612CC1B98CA76006C272F /* Localizable.strings in Resources */ = {isa = PBXBuildFile; fileRef = 0D6612CE1B98CA76006C272F /* Localizable.strings */; };
		0D7C572B1BC1B01B00A402CF /* PositiveActionAnnotation.m in Sources */ = {isa = PBXBuildFile; fileRef = 0D7C572A1BC1B01B00A402CF /* PositiveActionAnnotation.m */; };
		0D7C57471BC1B04200A402CF /* LoadingModuleAssembly.m in Sources */ = {isa = PBXBuildFile; fileRef = 0D7C573F1BC1B04200A402CF /* LoadingModuleAssembly.m */; };
		0D7C57481BC1B04200A402CF /* LoadingViewController.m in Sources */ = {isa = PBXBuildFile; fileRef = 0D7C57411BC1B04200A402CF /* LoadingViewController.m */; };
		0D7C57491BC1B04200A402CF /* LoadingView.m in Sources */ = {isa = PBXBuildFile; fileRef = 0D7C57461BC1B04200A402CF /* LoadingView.m */; };
		0D7C574C1BC1B0B300A402CF /* BeautyCenter.m in Sources */ = {isa = PBXBuildFile; fileRef = 0D7C574B1BC1B0B300A402CF /* BeautyCenter.m */; };
		0D8580EF1BBB6B17002CEB2B /* MappingProvider.m in Sources */ = {isa = PBXBuildFile; fileRef = 0D8580EE1BBB6B17002CEB2B /* MappingProvider.m */; };
		0D8580F21BBB6BAB002CEB2B /* PositiveAction.m in Sources */ = {isa = PBXBuildFile; fileRef = 0D8580F11BBB6BAB002CEB2B /* PositiveAction.m */; };
		0D8974921BC4B5AC00ACD124 /* ProfileView.m in Sources */ = {isa = PBXBuildFile; fileRef = 0D8974911BC4B5AC00ACD124 /* ProfileView.m */; };
		0D8B6AFB1BCEE09D00D04A75 /* SelectedTopicsCollectionView.m in Sources */ = {isa = PBXBuildFile; fileRef = 0D8B6AF81BCEE09D00D04A75 /* SelectedTopicsCollectionView.m */; };
		0D8B6AFC1BCEE09D00D04A75 /* TopicsCollectionView.m in Sources */ = {isa = PBXBuildFile; fileRef = 0D8B6AFA1BCEE09D00D04A75 /* TopicsCollectionView.m */; };
		0D9059301BA641650008BF75 /* PositiveActionsFilteredWithMapViewController.m in Sources */ = {isa = PBXBuildFile; fileRef = 0D90592F1BA641650008BF75 /* PositiveActionsFilteredWithMapViewController.m */; };
		0D94F83E1BA9FCE100945F81 /* PositiveActionsMapView.m in Sources */ = {isa = PBXBuildFile; fileRef = 0D94F83D1BA9FCE100945F81 /* PositiveActionsMapView.m */; };
		0D9E12F11BE6EC1E00506BBB /* MapFiltersViewController.m in Sources */ = {isa = PBXBuildFile; fileRef = 0D9E12F01BE6EC1E00506BBB /* MapFiltersViewController.m */; };
		0D9E12F41BE6EC7900506BBB /* MapFiltersView.m in Sources */ = {isa = PBXBuildFile; fileRef = 0D9E12F31BE6EC7900506BBB /* MapFiltersView.m */; };
		0D9E1E0D1B7E5AA50049D08B /* SplashViewController.m in Sources */ = {isa = PBXBuildFile; fileRef = 0D9E1E0C1B7E5AA50049D08B /* SplashViewController.m */; };
		0D9E1E101B7E5B8F0049D08B /* SplashView.m in Sources */ = {isa = PBXBuildFile; fileRef = 0D9E1E0F1B7E5B8F0049D08B /* SplashView.m */; };
		0D9E1E141B7E610B0049D08B /* SplashModuleAssembly.m in Sources */ = {isa = PBXBuildFile; fileRef = 0D9E1E131B7E610B0049D08B /* SplashModuleAssembly.m */; };
		0DAF2FAD1B7E8EED0045CE08 /* TopicsCollectionViewController.m in Sources */ = {isa = PBXBuildFile; fileRef = 0DAF2FAC1B7E8EED0045CE08 /* TopicsCollectionViewController.m */; };
		0DAF2FD41B7E90ED0045CE08 /* topics.plist in Resources */ = {isa = PBXBuildFile; fileRef = 0DAF2FD31B7E90ED0045CE08 /* topics.plist */; };
		0DAF2FD81B7E94420045CE08 /* Topic.m in Sources */ = {isa = PBXBuildFile; fileRef = 0DAF2FD71B7E94420045CE08 /* Topic.m */; };
		0DAF2FDC1B7E94C40045CE08 /* TopicService.m in Sources */ = {isa = PBXBuildFile; fileRef = 0DAF2FDB1B7E94C40045CE08 /* TopicService.m */; };
		0DAF2FDF1B7E9AEC0045CE08 /* TopicsModuleAssembly.m in Sources */ = {isa = PBXBuildFile; fileRef = 0DAF2FDE1B7E9AEC0045CE08 /* TopicsModuleAssembly.m */; };
		0DAF2FE21B7E9D290045CE08 /* ServiceModuleAssembly.m in Sources */ = {isa = PBXBuildFile; fileRef = 0DAF2FE11B7E9D290045CE08 /* ServiceModuleAssembly.m */; };
		0DAF2FE51B7E9FF30045CE08 /* TopicsCollectionViewCell.m in Sources */ = {isa = PBXBuildFile; fileRef = 0DAF2FE41B7E9FF30045CE08 /* TopicsCollectionViewCell.m */; };
		0DB1E6FC1BC5E7F4004A86A9 /* SelectedTopicsViewController.m in Sources */ = {isa = PBXBuildFile; fileRef = 0DB1E6FB1BC5E7F4004A86A9 /* SelectedTopicsViewController.m */; };
		0DB1E7021BC5E954004A86A9 /* TopicsSelectedCell.m in Sources */ = {isa = PBXBuildFile; fileRef = 0DB1E7011BC5E954004A86A9 /* TopicsSelectedCell.m */; };
		0DB1E7051BC5ED71004A86A9 /* UIImage+AverageColor.m in Sources */ = {isa = PBXBuildFile; fileRef = 0DB1E7041BC5ED71004A86A9 /* UIImage+AverageColor.m */; };
		0DB25A051B9A9688002F6E30 /* TopicCellPresenter.m in Sources */ = {isa = PBXBuildFile; fileRef = 0DB25A041B9A9688002F6E30 /* TopicCellPresenter.m */; };
		0DB589201BE9899F0033D027 /* FiltersViewCollectionLayout.m in Sources */ = {isa = PBXBuildFile; fileRef = 0DB5891F1BE9899F0033D027 /* FiltersViewCollectionLayout.m */; };
		0DB589231BE98A5F0033D027 /* TopicsFilterViewCell.m in Sources */ = {isa = PBXBuildFile; fileRef = 0DB589221BE98A5F0033D027 /* TopicsFilterViewCell.m */; };
		0DB589271BE99EB80033D027 /* MapFilters.m in Sources */ = {isa = PBXBuildFile; fileRef = 0DB589261BE99EB80033D027 /* MapFilters.m */; };
		0DBD219D1BA372DA002AC53C /* FacebookInitializer.m in Sources */ = {isa = PBXBuildFile; fileRef = 0DBD219C1BA372DA002AC53C /* FacebookInitializer.m */; };
		0DBD21A01BA3780B002AC53C /* User.m in Sources */ = {isa = PBXBuildFile; fileRef = 0DBD219F1BA3780B002AC53C /* User.m */; };
		0DBD21A31BA37865002AC53C /* UserService.m in Sources */ = {isa = PBXBuildFile; fileRef = 0DBD21A21BA37865002AC53C /* UserService.m */; };
		0DBD21A61BA37CCB002AC53C /* RETableViewManager+ReplaceItem.m in Sources */ = {isa = PBXBuildFile; fileRef = 0DBD21A51BA37CCB002AC53C /* RETableViewManager+ReplaceItem.m */; };
		0DCBD1401BBB870500A870FD /* FMActivityIndicatorView.m in Sources */ = {isa = PBXBuildFile; fileRef = 0DCBD13F1BBB870500A870FD /* FMActivityIndicatorView.m */; };
		0DCD99D51B8F7FD500FF738E /* UIImage+Color.m in Sources */ = {isa = PBXBuildFile; fileRef = 0DCD99D41B8F7FD500FF738E /* UIImage+Color.m */; };
		0DD38FF11BBEFC4B0038C2E2 /* UIViewController+DisableView.m in Sources */ = {isa = PBXBuildFile; fileRef = 0DD38FF01BBEFC4B0038C2E2 /* UIViewController+DisableView.m */; };
		0DEBE1CD1BC1D4F000906E52 /* CoreLocation.framework in Frameworks */ = {isa = PBXBuildFile; fileRef = 0DEBE1CC1BC1D4F000906E52 /* CoreLocation.framework */; };
		0DEBE1D11BC1D58E00906E52 /* LocationManager.m in Sources */ = {isa = PBXBuildFile; fileRef = 0DEBE1D01BC1D58E00906E52 /* LocationManager.m */; };
		0DF920E71BC0851800BAA52C /* FakeModalAnimator.m in Sources */ = {isa = PBXBuildFile; fileRef = 0DF920E61BC0851800BAA52C /* FakeModalAnimator.m */; };
		0DF920EA1BC08C8F00BAA52C /* PositiveActionView.m in Sources */ = {isa = PBXBuildFile; fileRef = 0DF920E91BC08C8F00BAA52C /* PositiveActionView.m */; };
		0DFE5A201BCEAD76004EFBC1 /* PositiveActionsFilteredWithMapView.m in Sources */ = {isa = PBXBuildFile; fileRef = 0DFE5A1F1BCEAD76004EFBC1 /* PositiveActionsFilteredWithMapView.m */; };
		110FE8AB1B66B8C0002A2273 /* SWRevealArchitect.m in Sources */ = {isa = PBXBuildFile; fileRef = 110FE8AA1B66B8C0002A2273 /* SWRevealArchitect.m */; };
		110FE8AF1B66B9B0002A2273 /* MenuModuleAssembly.m in Sources */ = {isa = PBXBuildFile; fileRef = 110FE8AE1B66B9B0002A2273 /* MenuModuleAssembly.m */; };
		1113AA161B5F044F0066E7BB /* MenuProfilePresenter.m in Sources */ = {isa = PBXBuildFile; fileRef = 1113AA151B5F044F0066E7BB /* MenuProfilePresenter.m */; };
		1113AA191B5F04B80066E7BB /* MenuOptionPresenter.m in Sources */ = {isa = PBXBuildFile; fileRef = 1113AA181B5F04B80066E7BB /* MenuOptionPresenter.m */; };
		1113AA1C1B5F05020066E7BB /* MenuProfileViewCell.m in Sources */ = {isa = PBXBuildFile; fileRef = 1113AA1B1B5F05020066E7BB /* MenuProfileViewCell.m */; };
		113E469E1B62C07E00ADF8AC /* ProfileViewController.m in Sources */ = {isa = PBXBuildFile; fileRef = 113E469D1B62C07E00ADF8AC /* ProfileViewController.m */; };
		113E46A21B62C74D00ADF8AC /* SWRevealTailor.m in Sources */ = {isa = PBXBuildFile; fileRef = 113E46A11B62C74D00ADF8AC /* SWRevealTailor.m */; };
		113E46A61B62CD4B00ADF8AC /* ProfileModuleAssembly.m in Sources */ = {isa = PBXBuildFile; fileRef = 113E46A51B62CD4B00ADF8AC /* ProfileModuleAssembly.m */; };
		11A0940B1B5D61B100E4FB06 /* main.m in Sources */ = {isa = PBXBuildFile; fileRef = 11A0940A1B5D61B100E4FB06 /* main.m */; };
		11A0940E1B5D61B100E4FB06 /* AppDelegate.m in Sources */ = {isa = PBXBuildFile; fileRef = 11A0940D1B5D61B100E4FB06 /* AppDelegate.m */; };
		11A094161B5D61B100E4FB06 /* Images.xcassets in Resources */ = {isa = PBXBuildFile; fileRef = 11A094151B5D61B100E4FB06 /* Images.xcassets */; };
		11A094251B5D61B100E4FB06 /* UnDiaParaDarTests.m in Sources */ = {isa = PBXBuildFile; fileRef = 11A094241B5D61B100E4FB06 /* UnDiaParaDarTests.m */; };
		11DEE6911B5D6DF900DCDE3E /* LoginViewController.m in Sources */ = {isa = PBXBuildFile; fileRef = 11DEE6901B5D6DF900DCDE3E /* LoginViewController.m */; };
		11DEE6941B5D6E7F00DCDE3E /* LoginModuleAssembly.m in Sources */ = {isa = PBXBuildFile; fileRef = 11DEE6931B5D6E7F00DCDE3E /* LoginModuleAssembly.m */; };
		11DEE6971B5D6F6D00DCDE3E /* TyphoonInitializer.m in Sources */ = {isa = PBXBuildFile; fileRef = 11DEE6961B5D6F6D00DCDE3E /* TyphoonInitializer.m */; };
		11DEE6A91B5D774900DCDE3E /* SWRevealDirector.m in Sources */ = {isa = PBXBuildFile; fileRef = 11DEE6A61B5D774900DCDE3E /* SWRevealDirector.m */; };
		11DEE6AA1B5D774900DCDE3E /* SWRevealRouting.m in Sources */ = {isa = PBXBuildFile; fileRef = 11DEE6A81B5D774900DCDE3E /* SWRevealRouting.m */; };
		11DEE6AD1B5D778F00DCDE3E /* RoutingModuleAssembly.m in Sources */ = {isa = PBXBuildFile; fileRef = 11DEE6AC1B5D778F00DCDE3E /* RoutingModuleAssembly.m */; };
		11DEE6B01B5D7D9300DCDE3E /* AppDelegateAssembly.m in Sources */ = {isa = PBXBuildFile; fileRef = 11DEE6AF1B5D7D9300DCDE3E /* AppDelegateAssembly.m */; };
		11DEE6B31B5D818500DCDE3E /* LoginView.m in Sources */ = {isa = PBXBuildFile; fileRef = 11DEE6B21B5D818500DCDE3E /* LoginView.m */; };
		11DEE6B61B5D937F00DCDE3E /* FacebookLoginFlow.m in Sources */ = {isa = PBXBuildFile; fileRef = 11DEE6B51B5D937F00DCDE3E /* FacebookLoginFlow.m */; };
/* End PBXBuildFile section */

/* Begin PBXContainerItemProxy section */
		11A0941F1B5D61B100E4FB06 /* PBXContainerItemProxy */ = {
			isa = PBXContainerItemProxy;
			containerPortal = 11A093FD1B5D61B100E4FB06 /* Project object */;
			proxyType = 1;
			remoteGlobalIDString = 11A094041B5D61B100E4FB06;
			remoteInfo = UnDiaParaDar;
		};
/* End PBXContainerItemProxy section */

/* Begin PBXFileReference section */
		06C0FA932F79B7DB4ECAB673 /* Pods-UnDiaParaDar.release.xcconfig */ = {isa = PBXFileReference; includeInIndex = 1; lastKnownFileType = text.xcconfig; name = "Pods-UnDiaParaDar.release.xcconfig"; path = "Pods/Target Support Files/Pods-UnDiaParaDar/Pods-UnDiaParaDar.release.xcconfig"; sourceTree = "<group>"; };
		0D0610671BD030AB00595A9A /* UIColor+Transformation.h */ = {isa = PBXFileReference; fileEncoding = 4; lastKnownFileType = sourcecode.c.h; path = "UIColor+Transformation.h"; sourceTree = "<group>"; };
		0D0610681BD030AB00595A9A /* UIColor+Transformation.m */ = {isa = PBXFileReference; fileEncoding = 4; lastKnownFileType = sourcecode.c.objc; path = "UIColor+Transformation.m"; sourceTree = "<group>"; };
		0D11F4861BB37D4300AFE46D /* TermsAndConditionsAssembly.h */ = {isa = PBXFileReference; fileEncoding = 4; lastKnownFileType = sourcecode.c.h; path = TermsAndConditionsAssembly.h; sourceTree = "<group>"; };
		0D11F4871BB37D4300AFE46D /* TermsAndConditionsAssembly.m */ = {isa = PBXFileReference; fileEncoding = 4; lastKnownFileType = sourcecode.c.objc; path = TermsAndConditionsAssembly.m; sourceTree = "<group>"; };
		0D11F4891BB37DCD00AFE46D /* TermsAndConditionsViewController.h */ = {isa = PBXFileReference; fileEncoding = 4; lastKnownFileType = sourcecode.c.h; path = TermsAndConditionsViewController.h; sourceTree = "<group>"; };
		0D11F48A1BB37DCD00AFE46D /* TermsAndConditionsViewController.m */ = {isa = PBXFileReference; fileEncoding = 4; lastKnownFileType = sourcecode.c.objc; path = TermsAndConditionsViewController.m; sourceTree = "<group>"; };
		0D11F48C1BB37EB200AFE46D /* TermsAndConditionsPresenter.h */ = {isa = PBXFileReference; fileEncoding = 4; lastKnownFileType = sourcecode.c.h; path = TermsAndConditionsPresenter.h; sourceTree = "<group>"; };
		0D11F48D1BB37EB200AFE46D /* TermsAndConditionsPresenter.m */ = {isa = PBXFileReference; fileEncoding = 4; lastKnownFileType = sourcecode.c.objc; path = TermsAndConditionsPresenter.m; sourceTree = "<group>"; };
		0D11F48F1BB37FA000AFE46D /* TermsAndConditionsView.h */ = {isa = PBXFileReference; fileEncoding = 4; lastKnownFileType = sourcecode.c.h; path = TermsAndConditionsView.h; sourceTree = "<group>"; };
		0D11F4901BB37FA000AFE46D /* TermsAndConditionsView.m */ = {isa = PBXFileReference; fileEncoding = 4; lastKnownFileType = sourcecode.c.objc; path = TermsAndConditionsView.m; sourceTree = "<group>"; };
		0D11F4921BB380EE00AFE46D /* env.plist */ = {isa = PBXFileReference; fileEncoding = 4; lastKnownFileType = text.plist.xml; path = env.plist; sourceTree = "<group>"; };
		0D11F4941BB3810400AFE46D /* termsAndConditions.html */ = {isa = PBXFileReference; fileEncoding = 4; lastKnownFileType = text.html; path = termsAndConditions.html; sourceTree = "<group>"; };
		0D1763761BB463A500C6E664 /* queEsUdpd.html */ = {isa = PBXFileReference; fileEncoding = 4; lastKnownFileType = text.html; path = queEsUdpd.html; sourceTree = "<group>"; };
		0D17637D1BB4646100C6E664 /* QueEsModuleAssembly.h */ = {isa = PBXFileReference; fileEncoding = 4; lastKnownFileType = sourcecode.c.h; path = QueEsModuleAssembly.h; sourceTree = "<group>"; };
		0D17637E1BB4646100C6E664 /* QueEsModuleAssembly.m */ = {isa = PBXFileReference; fileEncoding = 4; lastKnownFileType = sourcecode.c.objc; path = QueEsModuleAssembly.m; sourceTree = "<group>"; };
		0D1763801BB4647F00C6E664 /* QueEsViewController.h */ = {isa = PBXFileReference; fileEncoding = 4; lastKnownFileType = sourcecode.c.h; path = QueEsViewController.h; sourceTree = "<group>"; };
		0D1763811BB4647F00C6E664 /* QueEsViewController.m */ = {isa = PBXFileReference; fileEncoding = 4; lastKnownFileType = sourcecode.c.objc; path = QueEsViewController.m; sourceTree = "<group>"; };
		0D1763831BB464C300C6E664 /* QueEsPresenter.h */ = {isa = PBXFileReference; fileEncoding = 4; lastKnownFileType = sourcecode.c.h; path = QueEsPresenter.h; sourceTree = "<group>"; };
		0D1763841BB464C300C6E664 /* QueEsPresenter.m */ = {isa = PBXFileReference; fileEncoding = 4; lastKnownFileType = sourcecode.c.objc; path = QueEsPresenter.m; sourceTree = "<group>"; };
		0D1763861BB464CE00C6E664 /* QueEsView.h */ = {isa = PBXFileReference; fileEncoding = 4; lastKnownFileType = sourcecode.c.h; path = QueEsView.h; sourceTree = "<group>"; };
		0D1763871BB464CE00C6E664 /* QueEsView.m */ = {isa = PBXFileReference; fileEncoding = 4; lastKnownFileType = sourcecode.c.objc; path = QueEsView.m; sourceTree = "<group>"; };
		0D2574C81BC5BD7200C9926E /* PositiveActionPresenter.h */ = {isa = PBXFileReference; fileEncoding = 4; lastKnownFileType = sourcecode.c.h; name = PositiveActionPresenter.h; path = UnDiaParaDar/TopicsModule/Presenter/PositiveActionPresenter.h; sourceTree = SOURCE_ROOT; };
		0D3D72331BBB6510006EC1E9 /* RestkitService.h */ = {isa = PBXFileReference; fileEncoding = 4; lastKnownFileType = sourcecode.c.h; path = RestkitService.h; sourceTree = "<group>"; };
		0D3D72341BBB6510006EC1E9 /* RestkitService.m */ = {isa = PBXFileReference; fileEncoding = 4; lastKnownFileType = sourcecode.c.objc; path = RestkitService.m; sourceTree = "<group>"; };
		0D3DB3C11B7546D90052F46B /* MenuViewController.h */ = {isa = PBXFileReference; fileEncoding = 4; lastKnownFileType = sourcecode.c.h; path = MenuViewController.h; sourceTree = "<group>"; };
		0D3DB3C21B7546D90052F46B /* MenuViewController.m */ = {isa = PBXFileReference; fileEncoding = 4; lastKnownFileType = sourcecode.c.objc; path = MenuViewController.m; sourceTree = "<group>"; };
		0D44DAD81B90E62600A274BD /* MenuOptionViewCell.h */ = {isa = PBXFileReference; fileEncoding = 4; lastKnownFileType = sourcecode.c.h; path = MenuOptionViewCell.h; sourceTree = "<group>"; };
		0D44DAD91B90E62600A274BD /* MenuOptionViewCell.m */ = {isa = PBXFileReference; fileEncoding = 4; lastKnownFileType = sourcecode.c.objc; path = MenuOptionViewCell.m; sourceTree = "<group>"; };
		0D4B13B81BA4BB5D00961764 /* RemoteImageView.h */ = {isa = PBXFileReference; fileEncoding = 4; lastKnownFileType = sourcecode.c.h; path = RemoteImageView.h; sourceTree = "<group>"; };
		0D4B13B91BA4BB5D00961764 /* RemoteImageView.m */ = {isa = PBXFileReference; fileEncoding = 4; lastKnownFileType = sourcecode.c.objc; path = RemoteImageView.m; sourceTree = "<group>"; };
		0D6199D41BC0A18000A8C987 /* PositiveActionViewController.h */ = {isa = PBXFileReference; fileEncoding = 4; lastKnownFileType = sourcecode.c.h; path = PositiveActionViewController.h; sourceTree = "<group>"; };
		0D6199D51BC0A18000A8C987 /* PositiveActionViewController.m */ = {isa = PBXFileReference; fileEncoding = 4; lastKnownFileType = sourcecode.c.objc; path = PositiveActionViewController.m; sourceTree = "<group>"; };
		0D6612C71B98C69C006C272F /* ButtonFactory.h */ = {isa = PBXFileReference; fileEncoding = 4; lastKnownFileType = sourcecode.c.h; path = ButtonFactory.h; sourceTree = "<group>"; };
		0D6612C81B98C69C006C272F /* ButtonFactory.m */ = {isa = PBXFileReference; fileEncoding = 4; lastKnownFileType = sourcecode.c.objc; path = ButtonFactory.m; sourceTree = "<group>"; };
		0D6612CD1B98CA76006C272F /* Base */ = {isa = PBXFileReference; lastKnownFileType = text.plist.strings; name = Base; path = Base.lproj/Localizable.strings; sourceTree = "<group>"; };
		0D6612CF1B98CA96006C272F /* es */ = {isa = PBXFileReference; lastKnownFileType = text.plist.strings; name = es; path = es.lproj/Localizable.strings; sourceTree = "<group>"; };
		0D7C57291BC1B01B00A402CF /* PositiveActionAnnotation.h */ = {isa = PBXFileReference; fileEncoding = 4; lastKnownFileType = sourcecode.c.h; path = PositiveActionAnnotation.h; sourceTree = "<group>"; };
		0D7C572A1BC1B01B00A402CF /* PositiveActionAnnotation.m */ = {isa = PBXFileReference; fileEncoding = 4; lastKnownFileType = sourcecode.c.objc; path = PositiveActionAnnotation.m; sourceTree = "<group>"; };
		0D7C573E1BC1B04200A402CF /* LoadingModuleAssembly.h */ = {isa = PBXFileReference; fileEncoding = 4; lastKnownFileType = sourcecode.c.h; path = LoadingModuleAssembly.h; sourceTree = "<group>"; };
		0D7C573F1BC1B04200A402CF /* LoadingModuleAssembly.m */ = {isa = PBXFileReference; fileEncoding = 4; lastKnownFileType = sourcecode.c.objc; path = LoadingModuleAssembly.m; sourceTree = "<group>"; };
		0D7C57401BC1B04200A402CF /* LoadingViewController.h */ = {isa = PBXFileReference; fileEncoding = 4; lastKnownFileType = sourcecode.c.h; path = LoadingViewController.h; sourceTree = "<group>"; };
		0D7C57411BC1B04200A402CF /* LoadingViewController.m */ = {isa = PBXFileReference; fileEncoding = 4; lastKnownFileType = sourcecode.c.objc; path = LoadingViewController.m; sourceTree = "<group>"; };
		0D7C57441BC1B04200A402CF /* AnimatedViewProtocol.h */ = {isa = PBXFileReference; fileEncoding = 4; lastKnownFileType = sourcecode.c.h; path = AnimatedViewProtocol.h; sourceTree = "<group>"; };
		0D7C57451BC1B04200A402CF /* LoadingView.h */ = {isa = PBXFileReference; fileEncoding = 4; lastKnownFileType = sourcecode.c.h; path = LoadingView.h; sourceTree = "<group>"; };
		0D7C57461BC1B04200A402CF /* LoadingView.m */ = {isa = PBXFileReference; fileEncoding = 4; lastKnownFileType = sourcecode.c.objc; path = LoadingView.m; sourceTree = "<group>"; };
		0D7C574A1BC1B0B300A402CF /* BeautyCenter.h */ = {isa = PBXFileReference; fileEncoding = 4; lastKnownFileType = sourcecode.c.h; path = BeautyCenter.h; sourceTree = "<group>"; };
		0D7C574B1BC1B0B300A402CF /* BeautyCenter.m */ = {isa = PBXFileReference; fileEncoding = 4; lastKnownFileType = sourcecode.c.objc; path = BeautyCenter.m; sourceTree = "<group>"; };
		0D8580ED1BBB6B17002CEB2B /* MappingProvider.h */ = {isa = PBXFileReference; fileEncoding = 4; lastKnownFileType = sourcecode.c.h; path = MappingProvider.h; sourceTree = "<group>"; };
		0D8580EE1BBB6B17002CEB2B /* MappingProvider.m */ = {isa = PBXFileReference; fileEncoding = 4; lastKnownFileType = sourcecode.c.objc; path = MappingProvider.m; sourceTree = "<group>"; };
		0D8580F01BBB6BAB002CEB2B /* PositiveAction.h */ = {isa = PBXFileReference; fileEncoding = 4; lastKnownFileType = sourcecode.c.h; path = PositiveAction.h; sourceTree = "<group>"; };
		0D8580F11BBB6BAB002CEB2B /* PositiveAction.m */ = {isa = PBXFileReference; fileEncoding = 4; lastKnownFileType = sourcecode.c.objc; path = PositiveAction.m; sourceTree = "<group>"; };
		0D8974901BC4B5AC00ACD124 /* ProfileView.h */ = {isa = PBXFileReference; fileEncoding = 4; lastKnownFileType = sourcecode.c.h; path = ProfileView.h; sourceTree = "<group>"; };
		0D8974911BC4B5AC00ACD124 /* ProfileView.m */ = {isa = PBXFileReference; fileEncoding = 4; lastKnownFileType = sourcecode.c.objc; path = ProfileView.m; sourceTree = "<group>"; };
		0D8B6AF71BCEE09D00D04A75 /* SelectedTopicsCollectionView.h */ = {isa = PBXFileReference; fileEncoding = 4; lastKnownFileType = sourcecode.c.h; path = SelectedTopicsCollectionView.h; sourceTree = "<group>"; };
		0D8B6AF81BCEE09D00D04A75 /* SelectedTopicsCollectionView.m */ = {isa = PBXFileReference; fileEncoding = 4; lastKnownFileType = sourcecode.c.objc; path = SelectedTopicsCollectionView.m; sourceTree = "<group>"; };
		0D8B6AF91BCEE09D00D04A75 /* TopicsCollectionView.h */ = {isa = PBXFileReference; fileEncoding = 4; lastKnownFileType = sourcecode.c.h; path = TopicsCollectionView.h; sourceTree = "<group>"; };
		0D8B6AFA1BCEE09D00D04A75 /* TopicsCollectionView.m */ = {isa = PBXFileReference; fileEncoding = 4; lastKnownFileType = sourcecode.c.objc; path = TopicsCollectionView.m; sourceTree = "<group>"; };
		0D90592E1BA641650008BF75 /* PositiveActionsFilteredWithMapViewController.h */ = {isa = PBXFileReference; fileEncoding = 4; lastKnownFileType = sourcecode.c.h; path = PositiveActionsFilteredWithMapViewController.h; sourceTree = "<group>"; };
		0D90592F1BA641650008BF75 /* PositiveActionsFilteredWithMapViewController.m */ = {isa = PBXFileReference; fileEncoding = 4; lastKnownFileType = sourcecode.c.objc; path = PositiveActionsFilteredWithMapViewController.m; sourceTree = "<group>"; };
		0D94F83C1BA9FCE100945F81 /* PositiveActionsMapView.h */ = {isa = PBXFileReference; fileEncoding = 4; lastKnownFileType = sourcecode.c.h; path = PositiveActionsMapView.h; sourceTree = "<group>"; };
		0D94F83D1BA9FCE100945F81 /* PositiveActionsMapView.m */ = {isa = PBXFileReference; fileEncoding = 4; lastKnownFileType = sourcecode.c.objc; path = PositiveActionsMapView.m; sourceTree = "<group>"; };
		0D9E12EF1BE6EC1E00506BBB /* MapFiltersViewController.h */ = {isa = PBXFileReference; fileEncoding = 4; lastKnownFileType = sourcecode.c.h; path = MapFiltersViewController.h; sourceTree = "<group>"; };
		0D9E12F01BE6EC1E00506BBB /* MapFiltersViewController.m */ = {isa = PBXFileReference; fileEncoding = 4; lastKnownFileType = sourcecode.c.objc; path = MapFiltersViewController.m; sourceTree = "<group>"; };
		0D9E12F21BE6EC7900506BBB /* MapFiltersView.h */ = {isa = PBXFileReference; fileEncoding = 4; lastKnownFileType = sourcecode.c.h; path = MapFiltersView.h; sourceTree = "<group>"; };
		0D9E12F31BE6EC7900506BBB /* MapFiltersView.m */ = {isa = PBXFileReference; fileEncoding = 4; lastKnownFileType = sourcecode.c.objc; path = MapFiltersView.m; sourceTree = "<group>"; };
		0D9E1E0B1B7E5AA50049D08B /* SplashViewController.h */ = {isa = PBXFileReference; fileEncoding = 4; lastKnownFileType = sourcecode.c.h; path = SplashViewController.h; sourceTree = "<group>"; };
		0D9E1E0C1B7E5AA50049D08B /* SplashViewController.m */ = {isa = PBXFileReference; fileEncoding = 4; lastKnownFileType = sourcecode.c.objc; path = SplashViewController.m; sourceTree = "<group>"; };
		0D9E1E0E1B7E5B8F0049D08B /* SplashView.h */ = {isa = PBXFileReference; fileEncoding = 4; lastKnownFileType = sourcecode.c.h; path = SplashView.h; sourceTree = "<group>"; };
		0D9E1E0F1B7E5B8F0049D08B /* SplashView.m */ = {isa = PBXFileReference; fileEncoding = 4; lastKnownFileType = sourcecode.c.objc; path = SplashView.m; sourceTree = "<group>"; };
		0D9E1E121B7E610B0049D08B /* SplashModuleAssembly.h */ = {isa = PBXFileReference; fileEncoding = 4; lastKnownFileType = sourcecode.c.h; path = SplashModuleAssembly.h; sourceTree = "<group>"; };
		0D9E1E131B7E610B0049D08B /* SplashModuleAssembly.m */ = {isa = PBXFileReference; fileEncoding = 4; lastKnownFileType = sourcecode.c.objc; path = SplashModuleAssembly.m; sourceTree = "<group>"; };
		0DAF2FAB1B7E8EED0045CE08 /* TopicsCollectionViewController.h */ = {isa = PBXFileReference; fileEncoding = 4; lastKnownFileType = sourcecode.c.h; path = TopicsCollectionViewController.h; sourceTree = "<group>"; };
		0DAF2FAC1B7E8EED0045CE08 /* TopicsCollectionViewController.m */ = {isa = PBXFileReference; fileEncoding = 4; lastKnownFileType = sourcecode.c.objc; path = TopicsCollectionViewController.m; sourceTree = "<group>"; };
		0DAF2FD31B7E90ED0045CE08 /* topics.plist */ = {isa = PBXFileReference; fileEncoding = 4; lastKnownFileType = text.plist.xml; path = topics.plist; sourceTree = "<group>"; };
		0DAF2FD61B7E94420045CE08 /* Topic.h */ = {isa = PBXFileReference; fileEncoding = 4; lastKnownFileType = sourcecode.c.h; path = Topic.h; sourceTree = "<group>"; };
		0DAF2FD71B7E94420045CE08 /* Topic.m */ = {isa = PBXFileReference; fileEncoding = 4; lastKnownFileType = sourcecode.c.objc; path = Topic.m; sourceTree = "<group>"; };
		0DAF2FDA1B7E94C40045CE08 /* TopicService.h */ = {isa = PBXFileReference; fileEncoding = 4; lastKnownFileType = sourcecode.c.h; path = TopicService.h; sourceTree = "<group>"; };
		0DAF2FDB1B7E94C40045CE08 /* TopicService.m */ = {isa = PBXFileReference; fileEncoding = 4; lastKnownFileType = sourcecode.c.objc; path = TopicService.m; sourceTree = "<group>"; };
		0DAF2FDD1B7E9AEC0045CE08 /* TopicsModuleAssembly.h */ = {isa = PBXFileReference; fileEncoding = 4; lastKnownFileType = sourcecode.c.h; path = TopicsModuleAssembly.h; sourceTree = "<group>"; };
		0DAF2FDE1B7E9AEC0045CE08 /* TopicsModuleAssembly.m */ = {isa = PBXFileReference; fileEncoding = 4; lastKnownFileType = sourcecode.c.objc; path = TopicsModuleAssembly.m; sourceTree = "<group>"; };
		0DAF2FE01B7E9D290045CE08 /* ServiceModuleAssembly.h */ = {isa = PBXFileReference; fileEncoding = 4; lastKnownFileType = sourcecode.c.h; path = ServiceModuleAssembly.h; sourceTree = "<group>"; };
		0DAF2FE11B7E9D290045CE08 /* ServiceModuleAssembly.m */ = {isa = PBXFileReference; fileEncoding = 4; lastKnownFileType = sourcecode.c.objc; path = ServiceModuleAssembly.m; sourceTree = "<group>"; };
		0DAF2FE31B7E9FF30045CE08 /* TopicsCollectionViewCell.h */ = {isa = PBXFileReference; fileEncoding = 4; lastKnownFileType = sourcecode.c.h; path = TopicsCollectionViewCell.h; sourceTree = "<group>"; };
		0DAF2FE41B7E9FF30045CE08 /* TopicsCollectionViewCell.m */ = {isa = PBXFileReference; fileEncoding = 4; lastKnownFileType = sourcecode.c.objc; path = TopicsCollectionViewCell.m; sourceTree = "<group>"; };
		0DB1E6FA1BC5E7F4004A86A9 /* SelectedTopicsViewController.h */ = {isa = PBXFileReference; fileEncoding = 4; lastKnownFileType = sourcecode.c.h; path = SelectedTopicsViewController.h; sourceTree = "<group>"; };
		0DB1E6FB1BC5E7F4004A86A9 /* SelectedTopicsViewController.m */ = {isa = PBXFileReference; fileEncoding = 4; lastKnownFileType = sourcecode.c.objc; path = SelectedTopicsViewController.m; sourceTree = "<group>"; };
		0DB1E7001BC5E954004A86A9 /* TopicsSelectedCell.h */ = {isa = PBXFileReference; fileEncoding = 4; lastKnownFileType = sourcecode.c.h; path = TopicsSelectedCell.h; sourceTree = "<group>"; };
		0DB1E7011BC5E954004A86A9 /* TopicsSelectedCell.m */ = {isa = PBXFileReference; fileEncoding = 4; lastKnownFileType = sourcecode.c.objc; path = TopicsSelectedCell.m; sourceTree = "<group>"; };
		0DB1E7031BC5ED71004A86A9 /* UIImage+AverageColor.h */ = {isa = PBXFileReference; fileEncoding = 4; lastKnownFileType = sourcecode.c.h; path = "UIImage+AverageColor.h"; sourceTree = "<group>"; };
		0DB1E7041BC5ED71004A86A9 /* UIImage+AverageColor.m */ = {isa = PBXFileReference; fileEncoding = 4; lastKnownFileType = sourcecode.c.objc; path = "UIImage+AverageColor.m"; sourceTree = "<group>"; };
		0DB25A031B9A9688002F6E30 /* TopicCellPresenter.h */ = {isa = PBXFileReference; fileEncoding = 4; lastKnownFileType = sourcecode.c.h; name = TopicCellPresenter.h; path = UnDiaParaDar/TopicsModule/Presenter/TopicCellPresenter.h; sourceTree = SOURCE_ROOT; };
		0DB25A041B9A9688002F6E30 /* TopicCellPresenter.m */ = {isa = PBXFileReference; fileEncoding = 4; lastKnownFileType = sourcecode.c.objc; name = TopicCellPresenter.m; path = UnDiaParaDar/TopicsModule/Presenter/TopicCellPresenter.m; sourceTree = SOURCE_ROOT; };
		0DB5891E1BE9899F0033D027 /* FiltersViewCollectionLayout.h */ = {isa = PBXFileReference; fileEncoding = 4; lastKnownFileType = sourcecode.c.h; path = FiltersViewCollectionLayout.h; sourceTree = "<group>"; };
		0DB5891F1BE9899F0033D027 /* FiltersViewCollectionLayout.m */ = {isa = PBXFileReference; fileEncoding = 4; lastKnownFileType = sourcecode.c.objc; path = FiltersViewCollectionLayout.m; sourceTree = "<group>"; };
		0DB589211BE98A5F0033D027 /* TopicsFilterViewCell.h */ = {isa = PBXFileReference; fileEncoding = 4; lastKnownFileType = sourcecode.c.h; path = TopicsFilterViewCell.h; sourceTree = "<group>"; };
		0DB589221BE98A5F0033D027 /* TopicsFilterViewCell.m */ = {isa = PBXFileReference; fileEncoding = 4; lastKnownFileType = sourcecode.c.objc; path = TopicsFilterViewCell.m; sourceTree = "<group>"; };
		0DB589251BE99EB80033D027 /* MapFilters.h */ = {isa = PBXFileReference; fileEncoding = 4; lastKnownFileType = sourcecode.c.h; path = MapFilters.h; sourceTree = "<group>"; };
		0DB589261BE99EB80033D027 /* MapFilters.m */ = {isa = PBXFileReference; fileEncoding = 4; lastKnownFileType = sourcecode.c.objc; path = MapFilters.m; sourceTree = "<group>"; };
		0DBD219B1BA372DA002AC53C /* FacebookInitializer.h */ = {isa = PBXFileReference; fileEncoding = 4; lastKnownFileType = sourcecode.c.h; path = FacebookInitializer.h; sourceTree = "<group>"; };
		0DBD219C1BA372DA002AC53C /* FacebookInitializer.m */ = {isa = PBXFileReference; fileEncoding = 4; lastKnownFileType = sourcecode.c.objc; path = FacebookInitializer.m; sourceTree = "<group>"; };
		0DBD219E1BA3780B002AC53C /* User.h */ = {isa = PBXFileReference; fileEncoding = 4; lastKnownFileType = sourcecode.c.h; path = User.h; sourceTree = "<group>"; };
		0DBD219F1BA3780B002AC53C /* User.m */ = {isa = PBXFileReference; fileEncoding = 4; lastKnownFileType = sourcecode.c.objc; path = User.m; sourceTree = "<group>"; };
		0DBD21A11BA37865002AC53C /* UserService.h */ = {isa = PBXFileReference; fileEncoding = 4; lastKnownFileType = sourcecode.c.h; path = UserService.h; sourceTree = "<group>"; };
		0DBD21A21BA37865002AC53C /* UserService.m */ = {isa = PBXFileReference; fileEncoding = 4; lastKnownFileType = sourcecode.c.objc; path = UserService.m; sourceTree = "<group>"; };
		0DBD21A41BA37CCB002AC53C /* RETableViewManager+ReplaceItem.h */ = {isa = PBXFileReference; fileEncoding = 4; lastKnownFileType = sourcecode.c.h; path = "RETableViewManager+ReplaceItem.h"; sourceTree = "<group>"; };
		0DBD21A51BA37CCB002AC53C /* RETableViewManager+ReplaceItem.m */ = {isa = PBXFileReference; fileEncoding = 4; lastKnownFileType = sourcecode.c.objc; path = "RETableViewManager+ReplaceItem.m"; sourceTree = "<group>"; };
		0DCBD13E1BBB870500A870FD /* FMActivityIndicatorView.h */ = {isa = PBXFileReference; fileEncoding = 4; lastKnownFileType = sourcecode.c.h; path = FMActivityIndicatorView.h; sourceTree = "<group>"; };
		0DCBD13F1BBB870500A870FD /* FMActivityIndicatorView.m */ = {isa = PBXFileReference; fileEncoding = 4; lastKnownFileType = sourcecode.c.objc; path = FMActivityIndicatorView.m; sourceTree = "<group>"; };
		0DCD99D31B8F7FD500FF738E /* UIImage+Color.h */ = {isa = PBXFileReference; fileEncoding = 4; lastKnownFileType = sourcecode.c.h; path = "UIImage+Color.h"; sourceTree = "<group>"; };
		0DCD99D41B8F7FD500FF738E /* UIImage+Color.m */ = {isa = PBXFileReference; fileEncoding = 4; lastKnownFileType = sourcecode.c.objc; path = "UIImage+Color.m"; sourceTree = "<group>"; };
		0DD38FEF1BBEFC4B0038C2E2 /* UIViewController+DisableView.h */ = {isa = PBXFileReference; fileEncoding = 4; lastKnownFileType = sourcecode.c.h; path = "UIViewController+DisableView.h"; sourceTree = "<group>"; };
		0DD38FF01BBEFC4B0038C2E2 /* UIViewController+DisableView.m */ = {isa = PBXFileReference; fileEncoding = 4; lastKnownFileType = sourcecode.c.objc; path = "UIViewController+DisableView.m"; sourceTree = "<group>"; };
		0DEBE1CC1BC1D4F000906E52 /* CoreLocation.framework */ = {isa = PBXFileReference; lastKnownFileType = wrapper.framework; name = CoreLocation.framework; path = System/Library/Frameworks/CoreLocation.framework; sourceTree = SDKROOT; };
		0DEBE1CF1BC1D58D00906E52 /* LocationManager.h */ = {isa = PBXFileReference; fileEncoding = 4; lastKnownFileType = sourcecode.c.h; name = LocationManager.h; path = UnDiaParaDar/LocationModule/LocationManager.h; sourceTree = SOURCE_ROOT; };
		0DEBE1D01BC1D58E00906E52 /* LocationManager.m */ = {isa = PBXFileReference; fileEncoding = 4; lastKnownFileType = sourcecode.c.objc; name = LocationManager.m; path = UnDiaParaDar/LocationModule/LocationManager.m; sourceTree = SOURCE_ROOT; };
		0DF920E51BC0851800BAA52C /* FakeModalAnimator.h */ = {isa = PBXFileReference; fileEncoding = 4; lastKnownFileType = sourcecode.c.h; path = FakeModalAnimator.h; sourceTree = "<group>"; };
		0DF920E61BC0851800BAA52C /* FakeModalAnimator.m */ = {isa = PBXFileReference; fileEncoding = 4; lastKnownFileType = sourcecode.c.objc; path = FakeModalAnimator.m; sourceTree = "<group>"; };
		0DF920E81BC08C8F00BAA52C /* PositiveActionView.h */ = {isa = PBXFileReference; fileEncoding = 4; lastKnownFileType = sourcecode.c.h; path = PositiveActionView.h; sourceTree = "<group>"; };
		0DF920E91BC08C8F00BAA52C /* PositiveActionView.m */ = {isa = PBXFileReference; fileEncoding = 4; lastKnownFileType = sourcecode.c.objc; path = PositiveActionView.m; sourceTree = "<group>"; };
		0DFE5A1E1BCEAD76004EFBC1 /* PositiveActionsFilteredWithMapView.h */ = {isa = PBXFileReference; fileEncoding = 4; lastKnownFileType = sourcecode.c.h; path = PositiveActionsFilteredWithMapView.h; sourceTree = "<group>"; };
		0DFE5A1F1BCEAD76004EFBC1 /* PositiveActionsFilteredWithMapView.m */ = {isa = PBXFileReference; fileEncoding = 4; lastKnownFileType = sourcecode.c.objc; path = PositiveActionsFilteredWithMapView.m; sourceTree = "<group>"; };
		110FE8A91B66B8C0002A2273 /* SWRevealArchitect.h */ = {isa = PBXFileReference; fileEncoding = 4; lastKnownFileType = sourcecode.c.h; path = SWRevealArchitect.h; sourceTree = "<group>"; };
		110FE8AA1B66B8C0002A2273 /* SWRevealArchitect.m */ = {isa = PBXFileReference; fileEncoding = 4; lastKnownFileType = sourcecode.c.objc; path = SWRevealArchitect.m; sourceTree = "<group>"; };
		110FE8AD1B66B9B0002A2273 /* MenuModuleAssembly.h */ = {isa = PBXFileReference; fileEncoding = 4; lastKnownFileType = sourcecode.c.h; path = MenuModuleAssembly.h; sourceTree = "<group>"; };
		110FE8AE1B66B9B0002A2273 /* MenuModuleAssembly.m */ = {isa = PBXFileReference; fileEncoding = 4; lastKnownFileType = sourcecode.c.objc; path = MenuModuleAssembly.m; sourceTree = "<group>"; };
		110FE8B01B66BACC002A2273 /* Architect.h */ = {isa = PBXFileReference; fileEncoding = 4; lastKnownFileType = sourcecode.c.h; path = Architect.h; sourceTree = "<group>"; };
		1113AA141B5F044F0066E7BB /* MenuProfilePresenter.h */ = {isa = PBXFileReference; fileEncoding = 4; lastKnownFileType = sourcecode.c.h; path = MenuProfilePresenter.h; sourceTree = "<group>"; };
		1113AA151B5F044F0066E7BB /* MenuProfilePresenter.m */ = {isa = PBXFileReference; fileEncoding = 4; lastKnownFileType = sourcecode.c.objc; path = MenuProfilePresenter.m; sourceTree = "<group>"; };
		1113AA171B5F04B80066E7BB /* MenuOptionPresenter.h */ = {isa = PBXFileReference; fileEncoding = 4; lastKnownFileType = sourcecode.c.h; path = MenuOptionPresenter.h; sourceTree = "<group>"; };
		1113AA181B5F04B80066E7BB /* MenuOptionPresenter.m */ = {isa = PBXFileReference; fileEncoding = 4; lastKnownFileType = sourcecode.c.objc; path = MenuOptionPresenter.m; sourceTree = "<group>"; };
		1113AA1A1B5F05020066E7BB /* MenuProfileViewCell.h */ = {isa = PBXFileReference; fileEncoding = 4; lastKnownFileType = sourcecode.c.h; path = MenuProfileViewCell.h; sourceTree = "<group>"; };
		1113AA1B1B5F05020066E7BB /* MenuProfileViewCell.m */ = {isa = PBXFileReference; fileEncoding = 4; lastKnownFileType = sourcecode.c.objc; path = MenuProfileViewCell.m; sourceTree = "<group>"; };
		113E469C1B62C07E00ADF8AC /* ProfileViewController.h */ = {isa = PBXFileReference; fileEncoding = 4; lastKnownFileType = sourcecode.c.h; path = ProfileViewController.h; sourceTree = "<group>"; };
		113E469D1B62C07E00ADF8AC /* ProfileViewController.m */ = {isa = PBXFileReference; fileEncoding = 4; lastKnownFileType = sourcecode.c.objc; path = ProfileViewController.m; sourceTree = "<group>"; };
		113E469F1B62C61800ADF8AC /* Tailor.h */ = {isa = PBXFileReference; fileEncoding = 4; lastKnownFileType = sourcecode.c.h; path = Tailor.h; sourceTree = "<group>"; };
		113E46A01B62C74D00ADF8AC /* SWRevealTailor.h */ = {isa = PBXFileReference; fileEncoding = 4; lastKnownFileType = sourcecode.c.h; path = SWRevealTailor.h; sourceTree = "<group>"; };
		113E46A11B62C74D00ADF8AC /* SWRevealTailor.m */ = {isa = PBXFileReference; fileEncoding = 4; lastKnownFileType = sourcecode.c.objc; path = SWRevealTailor.m; sourceTree = "<group>"; };
		113E46A41B62CD4B00ADF8AC /* ProfileModuleAssembly.h */ = {isa = PBXFileReference; fileEncoding = 4; lastKnownFileType = sourcecode.c.h; path = ProfileModuleAssembly.h; sourceTree = "<group>"; };
		113E46A51B62CD4B00ADF8AC /* ProfileModuleAssembly.m */ = {isa = PBXFileReference; fileEncoding = 4; lastKnownFileType = sourcecode.c.objc; path = ProfileModuleAssembly.m; sourceTree = "<group>"; };
		11A094051B5D61B100E4FB06 /* UnDiaParaDar.app */ = {isa = PBXFileReference; explicitFileType = wrapper.application; includeInIndex = 0; path = UnDiaParaDar.app; sourceTree = BUILT_PRODUCTS_DIR; };
		11A094091B5D61B100E4FB06 /* Info.plist */ = {isa = PBXFileReference; lastKnownFileType = text.plist.xml; path = Info.plist; sourceTree = "<group>"; };
		11A0940A1B5D61B100E4FB06 /* main.m */ = {isa = PBXFileReference; lastKnownFileType = sourcecode.c.objc; path = main.m; sourceTree = "<group>"; };
		11A0940C1B5D61B100E4FB06 /* AppDelegate.h */ = {isa = PBXFileReference; lastKnownFileType = sourcecode.c.h; path = AppDelegate.h; sourceTree = "<group>"; };
		11A0940D1B5D61B100E4FB06 /* AppDelegate.m */ = {isa = PBXFileReference; lastKnownFileType = sourcecode.c.objc; path = AppDelegate.m; sourceTree = "<group>"; };
		11A094151B5D61B100E4FB06 /* Images.xcassets */ = {isa = PBXFileReference; lastKnownFileType = folder.assetcatalog; path = Images.xcassets; sourceTree = "<group>"; };
		11A0941E1B5D61B100E4FB06 /* UnDiaParaDarTests.xctest */ = {isa = PBXFileReference; explicitFileType = wrapper.cfbundle; includeInIndex = 0; path = UnDiaParaDarTests.xctest; sourceTree = BUILT_PRODUCTS_DIR; };
		11A094231B5D61B100E4FB06 /* Info.plist */ = {isa = PBXFileReference; lastKnownFileType = text.plist.xml; path = Info.plist; sourceTree = "<group>"; };
		11A094241B5D61B100E4FB06 /* UnDiaParaDarTests.m */ = {isa = PBXFileReference; lastKnownFileType = sourcecode.c.objc; path = UnDiaParaDarTests.m; sourceTree = "<group>"; };
		11DEE68F1B5D6DF900DCDE3E /* LoginViewController.h */ = {isa = PBXFileReference; fileEncoding = 4; lastKnownFileType = sourcecode.c.h; path = LoginViewController.h; sourceTree = "<group>"; };
		11DEE6901B5D6DF900DCDE3E /* LoginViewController.m */ = {isa = PBXFileReference; fileEncoding = 4; lastKnownFileType = sourcecode.c.objc; path = LoginViewController.m; sourceTree = "<group>"; };
		11DEE6921B5D6E7F00DCDE3E /* LoginModuleAssembly.h */ = {isa = PBXFileReference; fileEncoding = 4; lastKnownFileType = sourcecode.c.h; path = LoginModuleAssembly.h; sourceTree = "<group>"; };
		11DEE6931B5D6E7F00DCDE3E /* LoginModuleAssembly.m */ = {isa = PBXFileReference; fileEncoding = 4; lastKnownFileType = sourcecode.c.objc; path = LoginModuleAssembly.m; sourceTree = "<group>"; };
		11DEE6951B5D6F6D00DCDE3E /* TyphoonInitializer.h */ = {isa = PBXFileReference; fileEncoding = 4; lastKnownFileType = sourcecode.c.h; path = TyphoonInitializer.h; sourceTree = "<group>"; };
		11DEE6961B5D6F6D00DCDE3E /* TyphoonInitializer.m */ = {isa = PBXFileReference; fileEncoding = 4; lastKnownFileType = sourcecode.c.objc; path = TyphoonInitializer.m; sourceTree = "<group>"; };
		11DEE6A21B5D774900DCDE3E /* Director.h */ = {isa = PBXFileReference; fileEncoding = 4; lastKnownFileType = sourcecode.c.h; path = Director.h; sourceTree = "<group>"; };
		11DEE6A31B5D774900DCDE3E /* Routing.h */ = {isa = PBXFileReference; fileEncoding = 4; lastKnownFileType = sourcecode.c.h; path = Routing.h; sourceTree = "<group>"; };
		11DEE6A51B5D774900DCDE3E /* SWRevealDirector.h */ = {isa = PBXFileReference; fileEncoding = 4; lastKnownFileType = sourcecode.c.h; path = SWRevealDirector.h; sourceTree = "<group>"; };
		11DEE6A61B5D774900DCDE3E /* SWRevealDirector.m */ = {isa = PBXFileReference; fileEncoding = 4; lastKnownFileType = sourcecode.c.objc; path = SWRevealDirector.m; sourceTree = "<group>"; };
		11DEE6A71B5D774900DCDE3E /* SWRevealRouting.h */ = {isa = PBXFileReference; fileEncoding = 4; lastKnownFileType = sourcecode.c.h; path = SWRevealRouting.h; sourceTree = "<group>"; };
		11DEE6A81B5D774900DCDE3E /* SWRevealRouting.m */ = {isa = PBXFileReference; fileEncoding = 4; lastKnownFileType = sourcecode.c.objc; path = SWRevealRouting.m; sourceTree = "<group>"; };
		11DEE6AB1B5D778F00DCDE3E /* RoutingModuleAssembly.h */ = {isa = PBXFileReference; fileEncoding = 4; lastKnownFileType = sourcecode.c.h; name = RoutingModuleAssembly.h; path = UnDiaParaDar/RoutingModule/Assembly/RoutingModuleAssembly.h; sourceTree = SOURCE_ROOT; };
		11DEE6AC1B5D778F00DCDE3E /* RoutingModuleAssembly.m */ = {isa = PBXFileReference; fileEncoding = 4; lastKnownFileType = sourcecode.c.objc; name = RoutingModuleAssembly.m; path = UnDiaParaDar/RoutingModule/Assembly/RoutingModuleAssembly.m; sourceTree = SOURCE_ROOT; };
		11DEE6AE1B5D7D9300DCDE3E /* AppDelegateAssembly.h */ = {isa = PBXFileReference; fileEncoding = 4; lastKnownFileType = sourcecode.c.h; path = AppDelegateAssembly.h; sourceTree = "<group>"; };
		11DEE6AF1B5D7D9300DCDE3E /* AppDelegateAssembly.m */ = {isa = PBXFileReference; fileEncoding = 4; lastKnownFileType = sourcecode.c.objc; path = AppDelegateAssembly.m; sourceTree = "<group>"; };
		11DEE6B11B5D818500DCDE3E /* LoginView.h */ = {isa = PBXFileReference; fileEncoding = 4; lastKnownFileType = sourcecode.c.h; path = LoginView.h; sourceTree = "<group>"; };
		11DEE6B21B5D818500DCDE3E /* LoginView.m */ = {isa = PBXFileReference; fileEncoding = 4; lastKnownFileType = sourcecode.c.objc; path = LoginView.m; sourceTree = "<group>"; };
		11DEE6B41B5D937F00DCDE3E /* FacebookLoginFlow.h */ = {isa = PBXFileReference; fileEncoding = 4; lastKnownFileType = sourcecode.c.h; path = FacebookLoginFlow.h; sourceTree = "<group>"; };
		11DEE6B51B5D937F00DCDE3E /* FacebookLoginFlow.m */ = {isa = PBXFileReference; fileEncoding = 4; lastKnownFileType = sourcecode.c.objc; path = FacebookLoginFlow.m; sourceTree = "<group>"; };
		359A3C02F8A8EA8BBC360584 /* libPods-UnDiaParaDar.a */ = {isa = PBXFileReference; explicitFileType = archive.ar; includeInIndex = 0; path = "libPods-UnDiaParaDar.a"; sourceTree = BUILT_PRODUCTS_DIR; };
		A108957507AEF20E1CD92D55 /* Pods-UnDiaParaDar.debug.xcconfig */ = {isa = PBXFileReference; includeInIndex = 1; lastKnownFileType = text.xcconfig; name = "Pods-UnDiaParaDar.debug.xcconfig"; path = "Pods/Target Support Files/Pods-UnDiaParaDar/Pods-UnDiaParaDar.debug.xcconfig"; sourceTree = "<group>"; };
/* End PBXFileReference section */

/* Begin PBXFrameworksBuildPhase section */
		11A094021B5D61B100E4FB06 /* Frameworks */ = {
			isa = PBXFrameworksBuildPhase;
			buildActionMask = 2147483647;
			files = (
				0DEBE1CD1BC1D4F000906E52 /* CoreLocation.framework in Frameworks */,
				0C195E56EB02D391BFC2E74A /* libPods-UnDiaParaDar.a in Frameworks */,
			);
			runOnlyForDeploymentPostprocessing = 0;
		};
		11A0941B1B5D61B100E4FB06 /* Frameworks */ = {
			isa = PBXFrameworksBuildPhase;
			buildActionMask = 2147483647;
			files = (
			);
			runOnlyForDeploymentPostprocessing = 0;
		};
/* End PBXFrameworksBuildPhase section */

/* Begin PBXGroup section */
		0C6B40A51306E9616DBE714A /* Pods */ = {
			isa = PBXGroup;
			children = (
				A108957507AEF20E1CD92D55 /* Pods-UnDiaParaDar.debug.xcconfig */,
				06C0FA932F79B7DB4ECAB673 /* Pods-UnDiaParaDar.release.xcconfig */,
			);
			name = Pods;
			sourceTree = "<group>";
		};
		0D11F4811BB37D0D00AFE46D /* T&CModule */ = {
			isa = PBXGroup;
			children = (
				0D11F4821BB37D2D00AFE46D /* Assembly */,
				0D11F4831BB37D2D00AFE46D /* Presenter */,
				0D11F4841BB37D2D00AFE46D /* View */,
				0D11F4851BB37D2D00AFE46D /* ViewController */,
			);
			name = "T&CModule";
			path = "RoutingModule/T&CModule";
			sourceTree = "<group>";
		};
		0D11F4821BB37D2D00AFE46D /* Assembly */ = {
			isa = PBXGroup;
			children = (
				0D11F4861BB37D4300AFE46D /* TermsAndConditionsAssembly.h */,
				0D11F4871BB37D4300AFE46D /* TermsAndConditionsAssembly.m */,
			);
			path = Assembly;
			sourceTree = "<group>";
		};
		0D11F4831BB37D2D00AFE46D /* Presenter */ = {
			isa = PBXGroup;
			children = (
				0D11F48C1BB37EB200AFE46D /* TermsAndConditionsPresenter.h */,
				0D11F48D1BB37EB200AFE46D /* TermsAndConditionsPresenter.m */,
			);
			path = Presenter;
			sourceTree = "<group>";
		};
		0D11F4841BB37D2D00AFE46D /* View */ = {
			isa = PBXGroup;
			children = (
				0D11F48F1BB37FA000AFE46D /* TermsAndConditionsView.h */,
				0D11F4901BB37FA000AFE46D /* TermsAndConditionsView.m */,
			);
			path = View;
			sourceTree = "<group>";
		};
		0D11F4851BB37D2D00AFE46D /* ViewController */ = {
			isa = PBXGroup;
			children = (
				0D11F4891BB37DCD00AFE46D /* TermsAndConditionsViewController.h */,
				0D11F48A1BB37DCD00AFE46D /* TermsAndConditionsViewController.m */,
			);
			path = ViewController;
			sourceTree = "<group>";
		};
		0D1763781BB4644700C6E664 /* QueEsModule */ = {
			isa = PBXGroup;
			children = (
				0D1763791BB4644700C6E664 /* Assembly */,
				0D17637A1BB4644700C6E664 /* Presenter */,
				0D17637B1BB4644700C6E664 /* View */,
				0D17637C1BB4644700C6E664 /* ViewController */,
			);
			path = QueEsModule;
			sourceTree = "<group>";
		};
		0D1763791BB4644700C6E664 /* Assembly */ = {
			isa = PBXGroup;
			children = (
				0D17637D1BB4646100C6E664 /* QueEsModuleAssembly.h */,
				0D17637E1BB4646100C6E664 /* QueEsModuleAssembly.m */,
			);
			path = Assembly;
			sourceTree = "<group>";
		};
		0D17637A1BB4644700C6E664 /* Presenter */ = {
			isa = PBXGroup;
			children = (
				0D1763831BB464C300C6E664 /* QueEsPresenter.h */,
				0D1763841BB464C300C6E664 /* QueEsPresenter.m */,
			);
			path = Presenter;
			sourceTree = "<group>";
		};
		0D17637B1BB4644700C6E664 /* View */ = {
			isa = PBXGroup;
			children = (
				0D1763861BB464CE00C6E664 /* QueEsView.h */,
				0D1763871BB464CE00C6E664 /* QueEsView.m */,
			);
			path = View;
			sourceTree = "<group>";
		};
		0D17637C1BB4644700C6E664 /* ViewController */ = {
			isa = PBXGroup;
			children = (
				0D1763801BB4647F00C6E664 /* QueEsViewController.h */,
				0D1763811BB4647F00C6E664 /* QueEsViewController.m */,
			);
			path = ViewController;
			sourceTree = "<group>";
		};
		0D3DB3C01B7546D90052F46B /* ViewController */ = {
			isa = PBXGroup;
			children = (
				0D3DB3C11B7546D90052F46B /* MenuViewController.h */,
				0D3DB3C21B7546D90052F46B /* MenuViewController.m */,
			);
			path = ViewController;
			sourceTree = "<group>";
		};
		0D6612C61B98C686006C272F /* Factories */ = {
			isa = PBXGroup;
			children = (
				0D6612C71B98C69C006C272F /* ButtonFactory.h */,
				0D7C574A1BC1B0B300A402CF /* BeautyCenter.h */,
				0D7C574B1BC1B0B300A402CF /* BeautyCenter.m */,
				0D6612C81B98C69C006C272F /* ButtonFactory.m */,
			);
			path = Factories;
			sourceTree = "<group>";
		};
		0D7C57281BC1B01B00A402CF /* Annotations */ = {
			isa = PBXGroup;
			children = (
				0D7C57291BC1B01B00A402CF /* PositiveActionAnnotation.h */,
				0D7C572A1BC1B01B00A402CF /* PositiveActionAnnotation.m */,
			);
			path = Annotations;
			sourceTree = SOURCE_ROOT;
		};
		0D7C573C1BC1B04200A402CF /* LoadingModule */ = {
			isa = PBXGroup;
			children = (
				0D7C573D1BC1B04200A402CF /* Assembly */,
				0D7C57401BC1B04200A402CF /* LoadingViewController.h */,
				0D7C57411BC1B04200A402CF /* LoadingViewController.m */,
				0D7C57421BC1B04200A402CF /* Presenter */,
				0D7C57431BC1B04200A402CF /* View */,
			);
			name = LoadingModule;
			path = Animator/LoadingModule;
			sourceTree = "<group>";
		};
		0D7C573D1BC1B04200A402CF /* Assembly */ = {
			isa = PBXGroup;
			children = (
				0D7C573E1BC1B04200A402CF /* LoadingModuleAssembly.h */,
				0D7C573F1BC1B04200A402CF /* LoadingModuleAssembly.m */,
			);
			path = Assembly;
			sourceTree = "<group>";
		};
		0D7C57421BC1B04200A402CF /* Presenter */ = {
			isa = PBXGroup;
			children = (
			);
			path = Presenter;
			sourceTree = "<group>";
		};
		0D7C57431BC1B04200A402CF /* View */ = {
			isa = PBXGroup;
			children = (
				0D7C57441BC1B04200A402CF /* AnimatedViewProtocol.h */,
				0D7C57451BC1B04200A402CF /* LoadingView.h */,
				0D7C57461BC1B04200A402CF /* LoadingView.m */,
			);
			path = View;
			sourceTree = "<group>";
		};
		0D8B6AF61BCEE09D00D04A75 /* CollectionViews */ = {
			isa = PBXGroup;
			children = (
				0D8B6AF71BCEE09D00D04A75 /* SelectedTopicsCollectionView.h */,
				0D8B6AF81BCEE09D00D04A75 /* SelectedTopicsCollectionView.m */,
				0D8B6AF91BCEE09D00D04A75 /* TopicsCollectionView.h */,
				0D8B6AFA1BCEE09D00D04A75 /* TopicsCollectionView.m */,
				0DB5891E1BE9899F0033D027 /* FiltersViewCollectionLayout.h */,
				0DB5891F1BE9899F0033D027 /* FiltersViewCollectionLayout.m */,
			);
			name = CollectionViews;
			path = Cells/CollectionViews;
			sourceTree = "<group>";
		};
		0D9E1E081B7E5A910049D08B /* SplashModule */ = {
			isa = PBXGroup;
			children = (
				0D9E1E111B7E60FA0049D08B /* Assembly */,
				0D9E1E091B7E5A910049D08B /* View */,
				0D9E1E0A1B7E5A910049D08B /* ViewController */,
			);
			path = SplashModule;
			sourceTree = "<group>";
		};
		0D9E1E091B7E5A910049D08B /* View */ = {
			isa = PBXGroup;
			children = (
				0D9E1E0E1B7E5B8F0049D08B /* SplashView.h */,
				0D9E1E0F1B7E5B8F0049D08B /* SplashView.m */,
			);
			path = View;
			sourceTree = "<group>";
		};
		0D9E1E0A1B7E5A910049D08B /* ViewController */ = {
			isa = PBXGroup;
			children = (
				0D9E1E0B1B7E5AA50049D08B /* SplashViewController.h */,
				0D9E1E0C1B7E5AA50049D08B /* SplashViewController.m */,
			);
			path = ViewController;
			sourceTree = "<group>";
		};
		0D9E1E111B7E60FA0049D08B /* Assembly */ = {
			isa = PBXGroup;
			children = (
				0D9E1E121B7E610B0049D08B /* SplashModuleAssembly.h */,
				0D9E1E131B7E610B0049D08B /* SplashModuleAssembly.m */,
			);
			path = Assembly;
			sourceTree = "<group>";
		};
		0DAF2FA71B7E8EE20045CE08 /* TopicsModule */ = {
			isa = PBXGroup;
			children = (
				0DB589241BE99E9C0033D027 /* Model */,
				0DD63F781B7EAD7D00766361 /* Presenter */,
				0DAF2FA81B7E8EE20045CE08 /* Assembly */,
				0DAF2FA91B7E8EE20045CE08 /* View */,
				0DAF2FAA1B7E8EE20045CE08 /* ViewController */,
			);
			path = TopicsModule;
			sourceTree = "<group>";
		};
		0DAF2FA81B7E8EE20045CE08 /* Assembly */ = {
			isa = PBXGroup;
			children = (
				0DAF2FDD1B7E9AEC0045CE08 /* TopicsModuleAssembly.h */,
				0DAF2FDE1B7E9AEC0045CE08 /* TopicsModuleAssembly.m */,
			);
			path = Assembly;
			sourceTree = "<group>";
		};
		0DAF2FA91B7E8EE20045CE08 /* View */ = {
			isa = PBXGroup;
			children = (
				0D8B6AF61BCEE09D00D04A75 /* CollectionViews */,
				0DAF2FAE1B7E8F080045CE08 /* Cells */,
				0D94F83C1BA9FCE100945F81 /* PositiveActionsMapView.h */,
				0D94F83D1BA9FCE100945F81 /* PositiveActionsMapView.m */,
				0DF920E81BC08C8F00BAA52C /* PositiveActionView.h */,
				0DF920E91BC08C8F00BAA52C /* PositiveActionView.m */,
				0DFE5A1E1BCEAD76004EFBC1 /* PositiveActionsFilteredWithMapView.h */,
				0DFE5A1F1BCEAD76004EFBC1 /* PositiveActionsFilteredWithMapView.m */,
				0D9E12F21BE6EC7900506BBB /* MapFiltersView.h */,
				0D9E12F31BE6EC7900506BBB /* MapFiltersView.m */,
			);
			path = View;
			sourceTree = "<group>";
		};
		0DAF2FAA1B7E8EE20045CE08 /* ViewController */ = {
			isa = PBXGroup;
			children = (
				0DAF2FAB1B7E8EED0045CE08 /* TopicsCollectionViewController.h */,
				0DAF2FAC1B7E8EED0045CE08 /* TopicsCollectionViewController.m */,
				0D90592E1BA641650008BF75 /* PositiveActionsFilteredWithMapViewController.h */,
				0D90592F1BA641650008BF75 /* PositiveActionsFilteredWithMapViewController.m */,
				0D6199D41BC0A18000A8C987 /* PositiveActionViewController.h */,
				0D6199D51BC0A18000A8C987 /* PositiveActionViewController.m */,
				0DB1E6FA1BC5E7F4004A86A9 /* SelectedTopicsViewController.h */,
				0DB1E6FB1BC5E7F4004A86A9 /* SelectedTopicsViewController.m */,
				0D9E12EF1BE6EC1E00506BBB /* MapFiltersViewController.h */,
				0D9E12F01BE6EC1E00506BBB /* MapFiltersViewController.m */,
			);
			path = ViewController;
			sourceTree = "<group>";
		};
		0DAF2FAE1B7E8F080045CE08 /* Cells */ = {
			isa = PBXGroup;
			children = (
				0DAF2FE31B7E9FF30045CE08 /* TopicsCollectionViewCell.h */,
				0DAF2FE41B7E9FF30045CE08 /* TopicsCollectionViewCell.m */,
				0DB1E7001BC5E954004A86A9 /* TopicsSelectedCell.h */,
				0DB1E7011BC5E954004A86A9 /* TopicsSelectedCell.m */,
				0DB589211BE98A5F0033D027 /* TopicsFilterViewCell.h */,
				0DB589221BE98A5F0033D027 /* TopicsFilterViewCell.m */,
			);
			path = Cells;
			sourceTree = "<group>";
		};
		0DAF2FAF1B7E8FBE0045CE08 /* Resources */ = {
			isa = PBXGroup;
			children = (
				0D1763761BB463A500C6E664 /* queEsUdpd.html */,
				0D11F4941BB3810400AFE46D /* termsAndConditions.html */,
				0DAF2FD31B7E90ED0045CE08 /* topics.plist */,
				0D11F4921BB380EE00AFE46D /* env.plist */,
			);
			path = Resources;
			sourceTree = "<group>";
		};
		0DAF2FD51B7E94360045CE08 /* Model */ = {
			isa = PBXGroup;
			children = (
				0DAF2FD61B7E94420045CE08 /* Topic.h */,
				0DAF2FD71B7E94420045CE08 /* Topic.m */,
				0DBD219E1BA3780B002AC53C /* User.h */,
				0DBD219F1BA3780B002AC53C /* User.m */,
				0D8580F01BBB6BAB002CEB2B /* PositiveAction.h */,
				0D8580F11BBB6BAB002CEB2B /* PositiveAction.m */,
			);
			path = Model;
			sourceTree = "<group>";
		};
		0DAF2FD91B7E947B0045CE08 /* Services */ = {
			isa = PBXGroup;
			children = (
				0DAF2FDA1B7E94C40045CE08 /* TopicService.h */,
				0DAF2FDB1B7E94C40045CE08 /* TopicService.m */,
				0DAF2FE01B7E9D290045CE08 /* ServiceModuleAssembly.h */,
				0DAF2FE11B7E9D290045CE08 /* ServiceModuleAssembly.m */,
				0DBD21A11BA37865002AC53C /* UserService.h */,
				0DBD21A21BA37865002AC53C /* UserService.m */,
				0D3D72331BBB6510006EC1E9 /* RestkitService.h */,
				0D3D72341BBB6510006EC1E9 /* RestkitService.m */,
				0D8580ED1BBB6B17002CEB2B /* MappingProvider.h */,
				0D8580EE1BBB6B17002CEB2B /* MappingProvider.m */,
			);
			path = Services;
			sourceTree = "<group>";
		};
		0DB589241BE99E9C0033D027 /* Model */ = {
			isa = PBXGroup;
			children = (
				0DB589251BE99EB80033D027 /* MapFilters.h */,
				0DB589261BE99EB80033D027 /* MapFilters.m */,
			);
			name = Model;
			sourceTree = "<group>";
		};
		0DCBD13D1BBB870500A870FD /* FMActivityIndicator */ = {
			isa = PBXGroup;
			children = (
				0DCBD13E1BBB870500A870FD /* FMActivityIndicatorView.h */,
				0DCBD13F1BBB870500A870FD /* FMActivityIndicatorView.m */,
			);
			path = FMActivityIndicator;
			sourceTree = "<group>";
		};
		0DCD99D21B8F7FBE00FF738E /* Extensions */ = {
			isa = PBXGroup;
			children = (
				0D4B13B81BA4BB5D00961764 /* RemoteImageView.h */,
				0D4B13B91BA4BB5D00961764 /* RemoteImageView.m */,
				0DBD21A41BA37CCB002AC53C /* RETableViewManager+ReplaceItem.h */,
				0DBD21A51BA37CCB002AC53C /* RETableViewManager+ReplaceItem.m */,
				0DCD99D31B8F7FD500FF738E /* UIImage+Color.h */,
				0DCD99D41B8F7FD500FF738E /* UIImage+Color.m */,
				0DD38FEF1BBEFC4B0038C2E2 /* UIViewController+DisableView.h */,
				0DD38FF01BBEFC4B0038C2E2 /* UIViewController+DisableView.m */,
				0DB1E7031BC5ED71004A86A9 /* UIImage+AverageColor.h */,
				0DB1E7041BC5ED71004A86A9 /* UIImage+AverageColor.m */,
				0D0610671BD030AB00595A9A /* UIColor+Transformation.h */,
				0D0610681BD030AB00595A9A /* UIColor+Transformation.m */,
			);
			name = Extensions;
			path = Extension;
			sourceTree = "<group>";
		};
		0DD63F781B7EAD7D00766361 /* Presenter */ = {
			isa = PBXGroup;
			children = (
				0D7C57281BC1B01B00A402CF /* Annotations */,
				0DB25A031B9A9688002F6E30 /* TopicCellPresenter.h */,
				0DB25A041B9A9688002F6E30 /* TopicCellPresenter.m */,
				0D2574C81BC5BD7200C9926E /* PositiveActionPresenter.h */,
			);
			name = Presenter;
			path = View/Presenter;
			sourceTree = "<group>";
		};
		0DEBE1CE1BC1D58600906E52 /* LocationModule */ = {
			isa = PBXGroup;
			children = (
				0DEBE1CF1BC1D58D00906E52 /* LocationManager.h */,
				0DEBE1D01BC1D58E00906E52 /* LocationManager.m */,
			);
			name = LocationModule;
			path = ../../../../../../Facundo/itba/pf/undiaparadarios/UnDiaParaDar/UnDiaParaDar/LocationModule;
			sourceTree = "<group>";
		};
		0DF920E41BC0851800BAA52C /* Animator */ = {
			isa = PBXGroup;
			children = (
				0DF920E51BC0851800BAA52C /* FakeModalAnimator.h */,
				0DF920E61BC0851800BAA52C /* FakeModalAnimator.m */,
			);
			path = Animator;
			sourceTree = "<group>";
		};
		110FE8AC1B66B95F002A2273 /* Assembly */ = {
			isa = PBXGroup;
			children = (
				110FE8AD1B66B9B0002A2273 /* MenuModuleAssembly.h */,
				110FE8AE1B66B9B0002A2273 /* MenuModuleAssembly.m */,
			);
			path = Assembly;
			sourceTree = "<group>";
		};
		1113AA0D1B5F00C80066E7BB /* MenuModule */ = {
			isa = PBXGroup;
			children = (
				0D3DB3C01B7546D90052F46B /* ViewController */,
				110FE8AC1B66B95F002A2273 /* Assembly */,
				1113AA131B5F03FE0066E7BB /* Presenter */,
				1113AA111B5F02F80066E7BB /* View */,
			);
			path = MenuModule;
			sourceTree = "<group>";
		};
		1113AA111B5F02F80066E7BB /* View */ = {
			isa = PBXGroup;
			children = (
				1113AA1A1B5F05020066E7BB /* MenuProfileViewCell.h */,
				1113AA1B1B5F05020066E7BB /* MenuProfileViewCell.m */,
				0D44DAD81B90E62600A274BD /* MenuOptionViewCell.h */,
				0D44DAD91B90E62600A274BD /* MenuOptionViewCell.m */,
			);
			path = View;
			sourceTree = "<group>";
		};
		1113AA131B5F03FE0066E7BB /* Presenter */ = {
			isa = PBXGroup;
			children = (
				1113AA141B5F044F0066E7BB /* MenuProfilePresenter.h */,
				1113AA151B5F044F0066E7BB /* MenuProfilePresenter.m */,
				1113AA171B5F04B80066E7BB /* MenuOptionPresenter.h */,
				1113AA181B5F04B80066E7BB /* MenuOptionPresenter.m */,
			);
			path = Presenter;
			sourceTree = "<group>";
		};
		113E46981B62C00E00ADF8AC /* ProfileModule */ = {
			isa = PBXGroup;
			children = (
				113E46A31B62CD3200ADF8AC /* Assembly */,
				113E46991B62C00E00ADF8AC /* Presenter */,
				113E469A1B62C00E00ADF8AC /* View */,
				113E469B1B62C00E00ADF8AC /* ViewController */,
			);
			path = ProfileModule;
			sourceTree = "<group>";
		};
		113E46991B62C00E00ADF8AC /* Presenter */ = {
			isa = PBXGroup;
			children = (
			);
			path = Presenter;
			sourceTree = "<group>";
		};
		113E469A1B62C00E00ADF8AC /* View */ = {
			isa = PBXGroup;
			children = (
				0D8974901BC4B5AC00ACD124 /* ProfileView.h */,
				0D8974911BC4B5AC00ACD124 /* ProfileView.m */,
			);
			path = View;
			sourceTree = "<group>";
		};
		113E469B1B62C00E00ADF8AC /* ViewController */ = {
			isa = PBXGroup;
			children = (
				113E469C1B62C07E00ADF8AC /* ProfileViewController.h */,
				113E469D1B62C07E00ADF8AC /* ProfileViewController.m */,
			);
			path = ViewController;
			sourceTree = "<group>";
		};
		113E46A31B62CD3200ADF8AC /* Assembly */ = {
			isa = PBXGroup;
			children = (
				113E46A41B62CD4B00ADF8AC /* ProfileModuleAssembly.h */,
				113E46A51B62CD4B00ADF8AC /* ProfileModuleAssembly.m */,
			);
			path = Assembly;
			sourceTree = "<group>";
		};
		11A093FC1B5D61B100E4FB06 = {
			isa = PBXGroup;
			children = (
				11A094071B5D61B100E4FB06 /* UnDiaParaDar */,
				11A094211B5D61B100E4FB06 /* UnDiaParaDarTests */,
				11A094061B5D61B100E4FB06 /* Products */,
				0C6B40A51306E9616DBE714A /* Pods */,
				724CCA6615E58C6D4901AFC9 /* Frameworks */,
			);
			sourceTree = "<group>";
		};
		11A094061B5D61B100E4FB06 /* Products */ = {
			isa = PBXGroup;
			children = (
				11A094051B5D61B100E4FB06 /* UnDiaParaDar.app */,
				11A0941E1B5D61B100E4FB06 /* UnDiaParaDarTests.xctest */,
			);
			name = Products;
			sourceTree = "<group>";
		};
		11A094071B5D61B100E4FB06 /* UnDiaParaDar */ = {
			isa = PBXGroup;
			children = (
				0DEBE1CE1BC1D58600906E52 /* LocationModule */,
				0D7C573C1BC1B04200A402CF /* LoadingModule */,
				0DF920E41BC0851800BAA52C /* Animator */,
				0DCBD13D1BBB870500A870FD /* FMActivityIndicator */,
				0DAF2FD51B7E94360045CE08 /* Model */,
				0DAF2FD91B7E947B0045CE08 /* Services */,
				0DCD99D21B8F7FBE00FF738E /* Extensions */,
				0D6612C61B98C686006C272F /* Factories */,
				0D1763781BB4644700C6E664 /* QueEsModule */,
				0D11F4811BB37D0D00AFE46D /* T&CModule */,
				0DAF2FA71B7E8EE20045CE08 /* TopicsModule */,
				11DEE68A1B5D6DA100DCDE3E /* LoginModule */,
				0D9E1E081B7E5A910049D08B /* SplashModule */,
				113E46981B62C00E00ADF8AC /* ProfileModule */,
				1113AA0D1B5F00C80066E7BB /* MenuModule */,
				11DEE6A11B5D774900DCDE3E /* RoutingModule */,
				11A0940C1B5D61B100E4FB06 /* AppDelegate.h */,
				11A0940D1B5D61B100E4FB06 /* AppDelegate.m */,
				11A094151B5D61B100E4FB06 /* Images.xcassets */,
				0D6612CE1B98CA76006C272F /* Localizable.strings */,
				11A094081B5D61B100E4FB06 /* Supporting Files */,
				11DEE6951B5D6F6D00DCDE3E /* TyphoonInitializer.h */,
				11DEE6961B5D6F6D00DCDE3E /* TyphoonInitializer.m */,
				11DEE6AE1B5D7D9300DCDE3E /* AppDelegateAssembly.h */,
				11DEE6AF1B5D7D9300DCDE3E /* AppDelegateAssembly.m */,
				0DBD219B1BA372DA002AC53C /* FacebookInitializer.h */,
				0DBD219C1BA372DA002AC53C /* FacebookInitializer.m */,
				0DAF2FAF1B7E8FBE0045CE08 /* Resources */,
			);
			path = UnDiaParaDar;
			sourceTree = "<group>";
		};
		11A094081B5D61B100E4FB06 /* Supporting Files */ = {
			isa = PBXGroup;
			children = (
				11A094091B5D61B100E4FB06 /* Info.plist */,
				11A0940A1B5D61B100E4FB06 /* main.m */,
			);
			name = "Supporting Files";
			sourceTree = "<group>";
		};
		11A094211B5D61B100E4FB06 /* UnDiaParaDarTests */ = {
			isa = PBXGroup;
			children = (
				11A094241B5D61B100E4FB06 /* UnDiaParaDarTests.m */,
				11A094221B5D61B100E4FB06 /* Supporting Files */,
			);
			path = UnDiaParaDarTests;
			sourceTree = "<group>";
		};
		11A094221B5D61B100E4FB06 /* Supporting Files */ = {
			isa = PBXGroup;
			children = (
				11A094231B5D61B100E4FB06 /* Info.plist */,
			);
			name = "Supporting Files";
			sourceTree = "<group>";
		};
		11DEE68A1B5D6DA100DCDE3E /* LoginModule */ = {
			isa = PBXGroup;
			children = (
				11DEE68B1B5D6DE000DCDE3E /* Assembly */,
				11DEE68C1B5D6DE000DCDE3E /* Presenter */,
				11DEE68D1B5D6DE000DCDE3E /* View */,
				11DEE68E1B5D6DE000DCDE3E /* ViewController */,
			);
			path = LoginModule;
			sourceTree = "<group>";
		};
		11DEE68B1B5D6DE000DCDE3E /* Assembly */ = {
			isa = PBXGroup;
			children = (
				11DEE6921B5D6E7F00DCDE3E /* LoginModuleAssembly.h */,
				11DEE6931B5D6E7F00DCDE3E /* LoginModuleAssembly.m */,
			);
			path = Assembly;
			sourceTree = "<group>";
		};
		11DEE68C1B5D6DE000DCDE3E /* Presenter */ = {
			isa = PBXGroup;
			children = (
			);
			path = Presenter;
			sourceTree = "<group>";
		};
		11DEE68D1B5D6DE000DCDE3E /* View */ = {
			isa = PBXGroup;
			children = (
				11DEE6B11B5D818500DCDE3E /* LoginView.h */,
				11DEE6B21B5D818500DCDE3E /* LoginView.m */,
			);
			path = View;
			sourceTree = "<group>";
		};
		11DEE68E1B5D6DE000DCDE3E /* ViewController */ = {
			isa = PBXGroup;
			children = (
				11DEE68F1B5D6DF900DCDE3E /* LoginViewController.h */,
				11DEE6901B5D6DF900DCDE3E /* LoginViewController.m */,
				11DEE6B41B5D937F00DCDE3E /* FacebookLoginFlow.h */,
				11DEE6B51B5D937F00DCDE3E /* FacebookLoginFlow.m */,
			);
			path = ViewController;
			sourceTree = "<group>";
		};
		11DEE6A11B5D774900DCDE3E /* RoutingModule */ = {
			isa = PBXGroup;
			children = (
				11DEE6A41B5D774900DCDE3E /* Assembly */,
				11DEE6A21B5D774900DCDE3E /* Director.h */,
				11DEE6A31B5D774900DCDE3E /* Routing.h */,
				11DEE6A51B5D774900DCDE3E /* SWRevealDirector.h */,
				11DEE6A61B5D774900DCDE3E /* SWRevealDirector.m */,
				11DEE6A71B5D774900DCDE3E /* SWRevealRouting.h */,
				11DEE6A81B5D774900DCDE3E /* SWRevealRouting.m */,
				113E469F1B62C61800ADF8AC /* Tailor.h */,
				113E46A01B62C74D00ADF8AC /* SWRevealTailor.h */,
				113E46A11B62C74D00ADF8AC /* SWRevealTailor.m */,
				110FE8A91B66B8C0002A2273 /* SWRevealArchitect.h */,
				110FE8AA1B66B8C0002A2273 /* SWRevealArchitect.m */,
				110FE8B01B66BACC002A2273 /* Architect.h */,
			);
			path = RoutingModule;
			sourceTree = "<group>";
		};
		11DEE6A41B5D774900DCDE3E /* Assembly */ = {
			isa = PBXGroup;
			children = (
				11DEE6AB1B5D778F00DCDE3E /* RoutingModuleAssembly.h */,
				11DEE6AC1B5D778F00DCDE3E /* RoutingModuleAssembly.m */,
			);
			name = Assembly;
			path = RoutingModuleAssembly;
			sourceTree = "<group>";
		};
		724CCA6615E58C6D4901AFC9 /* Frameworks */ = {
			isa = PBXGroup;
			children = (
				0DEBE1CC1BC1D4F000906E52 /* CoreLocation.framework */,
				359A3C02F8A8EA8BBC360584 /* libPods-UnDiaParaDar.a */,
			);
			name = Frameworks;
			sourceTree = "<group>";
		};
/* End PBXGroup section */

/* Begin PBXNativeTarget section */
		11A094041B5D61B100E4FB06 /* UnDiaParaDar */ = {
			isa = PBXNativeTarget;
			buildConfigurationList = 11A094281B5D61B100E4FB06 /* Build configuration list for PBXNativeTarget "UnDiaParaDar" */;
			buildPhases = (
				2B98827787DD491EF11763FD /* Check Pods Manifest.lock */,
				11A094011B5D61B100E4FB06 /* Sources */,
				11A094021B5D61B100E4FB06 /* Frameworks */,
				11A094031B5D61B100E4FB06 /* Resources */,
				BE64F84C8C3741C4AEF9C775 /* Copy Pods Resources */,
			);
			buildRules = (
			);
			dependencies = (
			);
			name = UnDiaParaDar;
			productName = UnDiaParaDar;
			productReference = 11A094051B5D61B100E4FB06 /* UnDiaParaDar.app */;
			productType = "com.apple.product-type.application";
		};
		11A0941D1B5D61B100E4FB06 /* UnDiaParaDarTests */ = {
			isa = PBXNativeTarget;
			buildConfigurationList = 11A0942B1B5D61B100E4FB06 /* Build configuration list for PBXNativeTarget "UnDiaParaDarTests" */;
			buildPhases = (
				11A0941A1B5D61B100E4FB06 /* Sources */,
				11A0941B1B5D61B100E4FB06 /* Frameworks */,
				11A0941C1B5D61B100E4FB06 /* Resources */,
			);
			buildRules = (
			);
			dependencies = (
				11A094201B5D61B100E4FB06 /* PBXTargetDependency */,
			);
			name = UnDiaParaDarTests;
			productName = UnDiaParaDarTests;
			productReference = 11A0941E1B5D61B100E4FB06 /* UnDiaParaDarTests.xctest */;
			productType = "com.apple.product-type.bundle.unit-test";
		};
/* End PBXNativeTarget section */

/* Begin PBXProject section */
		11A093FD1B5D61B100E4FB06 /* Project object */ = {
			isa = PBXProject;
			attributes = {
				LastUpgradeCheck = 0640;
				ORGANIZATIONNAME = ITBA;
				TargetAttributes = {
					11A094041B5D61B100E4FB06 = {
						CreatedOnToolsVersion = 6.4;
					};
					11A0941D1B5D61B100E4FB06 = {
						CreatedOnToolsVersion = 6.4;
						TestTargetID = 11A094041B5D61B100E4FB06;
					};
				};
			};
			buildConfigurationList = 11A094001B5D61B100E4FB06 /* Build configuration list for PBXProject "UnDiaParaDar" */;
			compatibilityVersion = "Xcode 3.2";
			developmentRegion = English;
			hasScannedForEncodings = 0;
			knownRegions = (
				Base,
				es,
			);
			mainGroup = 11A093FC1B5D61B100E4FB06;
			productRefGroup = 11A094061B5D61B100E4FB06 /* Products */;
			projectDirPath = "";
			projectRoot = "";
			targets = (
				11A094041B5D61B100E4FB06 /* UnDiaParaDar */,
				11A0941D1B5D61B100E4FB06 /* UnDiaParaDarTests */,
			);
		};
/* End PBXProject section */

/* Begin PBXResourcesBuildPhase section */
		11A094031B5D61B100E4FB06 /* Resources */ = {
			isa = PBXResourcesBuildPhase;
			buildActionMask = 2147483647;
			files = (
				0D11F4931BB380EE00AFE46D /* env.plist in Resources */,
				0DAF2FD41B7E90ED0045CE08 /* topics.plist in Resources */,
				0D6612CC1B98CA76006C272F /* Localizable.strings in Resources */,
				0D11F4951BB3810400AFE46D /* termsAndConditions.html in Resources */,
				11A094161B5D61B100E4FB06 /* Images.xcassets in Resources */,
				0D1763771BB463A500C6E664 /* queEsUdpd.html in Resources */,
			);
			runOnlyForDeploymentPostprocessing = 0;
		};
		11A0941C1B5D61B100E4FB06 /* Resources */ = {
			isa = PBXResourcesBuildPhase;
			buildActionMask = 2147483647;
			files = (
			);
			runOnlyForDeploymentPostprocessing = 0;
		};
/* End PBXResourcesBuildPhase section */

/* Begin PBXShellScriptBuildPhase section */
		2B98827787DD491EF11763FD /* Check Pods Manifest.lock */ = {
			isa = PBXShellScriptBuildPhase;
			buildActionMask = 2147483647;
			files = (
			);
			inputPaths = (
			);
			name = "Check Pods Manifest.lock";
			outputPaths = (
			);
			runOnlyForDeploymentPostprocessing = 0;
			shellPath = /bin/sh;
			shellScript = "diff \"${PODS_ROOT}/../Podfile.lock\" \"${PODS_ROOT}/Manifest.lock\" > /dev/null\nif [[ $? != 0 ]] ; then\n    cat << EOM\nerror: The sandbox is not in sync with the Podfile.lock. Run 'pod install' or update your CocoaPods installation.\nEOM\n    exit 1\nfi\n";
			showEnvVarsInLog = 0;
		};
		BE64F84C8C3741C4AEF9C775 /* Copy Pods Resources */ = {
			isa = PBXShellScriptBuildPhase;
			buildActionMask = 2147483647;
			files = (
			);
			inputPaths = (
			);
			name = "Copy Pods Resources";
			outputPaths = (
			);
			runOnlyForDeploymentPostprocessing = 0;
			shellPath = /bin/sh;
			shellScript = "\"${SRCROOT}/Pods/Target Support Files/Pods-UnDiaParaDar/Pods-UnDiaParaDar-resources.sh\"\n";
			showEnvVarsInLog = 0;
		};
/* End PBXShellScriptBuildPhase section */

/* Begin PBXSourcesBuildPhase section */
		11A094011B5D61B100E4FB06 /* Sources */ = {
			isa = PBXSourcesBuildPhase;
			buildActionMask = 2147483647;
			files = (
				0DBD219D1BA372DA002AC53C /* FacebookInitializer.m in Sources */,
				0D4B13BA1BA4BB5D00961764 /* RemoteImageView.m in Sources */,
				11DEE6B61B5D937F00DCDE3E /* FacebookLoginFlow.m in Sources */,
				11DEE6AD1B5D778F00DCDE3E /* RoutingModuleAssembly.m in Sources */,
				113E469E1B62C07E00ADF8AC /* ProfileViewController.m in Sources */,
				0D9E1E0D1B7E5AA50049D08B /* SplashViewController.m in Sources */,
				0D3D72351BBB6510006EC1E9 /* RestkitService.m in Sources */,
				0DCBD1401BBB870500A870FD /* FMActivityIndicatorView.m in Sources */,
				0D11F4911BB37FA000AFE46D /* TermsAndConditionsView.m in Sources */,
				0D7C572B1BC1B01B00A402CF /* PositiveActionAnnotation.m in Sources */,
				0D7C57471BC1B04200A402CF /* LoadingModuleAssembly.m in Sources */,
				0D8580F21BBB6BAB002CEB2B /* PositiveAction.m in Sources */,
				0D9E1E141B7E610B0049D08B /* SplashModuleAssembly.m in Sources */,
				0D9E12F41BE6EC7900506BBB /* MapFiltersView.m in Sources */,
				11DEE6971B5D6F6D00DCDE3E /* TyphoonInitializer.m in Sources */,
				0D44DADA1B90E62600A274BD /* MenuOptionViewCell.m in Sources */,
				0DAF2FDF1B7E9AEC0045CE08 /* TopicsModuleAssembly.m in Sources */,
				0D7C57491BC1B04200A402CF /* LoadingView.m in Sources */,
				0DD38FF11BBEFC4B0038C2E2 /* UIViewController+DisableView.m in Sources */,
				0DAF2FAD1B7E8EED0045CE08 /* TopicsCollectionViewController.m in Sources */,
				0D6612C91B98C69C006C272F /* ButtonFactory.m in Sources */,
				0DFE5A201BCEAD76004EFBC1 /* PositiveActionsFilteredWithMapView.m in Sources */,
				11DEE6AA1B5D774900DCDE3E /* SWRevealRouting.m in Sources */,
				1113AA1C1B5F05020066E7BB /* MenuProfileViewCell.m in Sources */,
				0D8974921BC4B5AC00ACD124 /* ProfileView.m in Sources */,
				0DAF2FE51B7E9FF30045CE08 /* TopicsCollectionViewCell.m in Sources */,
				110FE8AB1B66B8C0002A2273 /* SWRevealArchitect.m in Sources */,
				0DB589201BE9899F0033D027 /* FiltersViewCollectionLayout.m in Sources */,
				0D7C57481BC1B04200A402CF /* LoadingViewController.m in Sources */,
				11A0940E1B5D61B100E4FB06 /* AppDelegate.m in Sources */,
				0DB589231BE98A5F0033D027 /* TopicsFilterViewCell.m in Sources */,
				110FE8AF1B66B9B0002A2273 /* MenuModuleAssembly.m in Sources */,
				0D8B6AFC1BCEE09D00D04A75 /* TopicsCollectionView.m in Sources */,
				0D94F83E1BA9FCE100945F81 /* PositiveActionsMapView.m in Sources */,
				0D11F48E1BB37EB200AFE46D /* TermsAndConditionsPresenter.m in Sources */,
				0DF920EA1BC08C8F00BAA52C /* PositiveActionView.m in Sources */,
				0DAF2FD81B7E94420045CE08 /* Topic.m in Sources */,
				0DBD21A31BA37865002AC53C /* UserService.m in Sources */,
				0DBD21A61BA37CCB002AC53C /* RETableViewManager+ReplaceItem.m in Sources */,
				0DAF2FDC1B7E94C40045CE08 /* TopicService.m in Sources */,
				0D3DB3C31B7546D90052F46B /* MenuViewController.m in Sources */,
				113E46A21B62C74D00ADF8AC /* SWRevealTailor.m in Sources */,
				0D11F4881BB37D4300AFE46D /* TermsAndConditionsAssembly.m in Sources */,
				0D0610691BD030AB00595A9A /* UIColor+Transformation.m in Sources */,
				11A0940B1B5D61B100E4FB06 /* main.m in Sources */,
				0D9E1E101B7E5B8F0049D08B /* SplashView.m in Sources */,
				0DB1E7021BC5E954004A86A9 /* TopicsSelectedCell.m in Sources */,
				0D1763821BB4647F00C6E664 /* QueEsViewController.m in Sources */,
				0D9059301BA641650008BF75 /* PositiveActionsFilteredWithMapViewController.m in Sources */,
				1113AA191B5F04B80066E7BB /* MenuOptionPresenter.m in Sources */,
				11DEE6B01B5D7D9300DCDE3E /* AppDelegateAssembly.m in Sources */,
				0D1763881BB464CE00C6E664 /* QueEsView.m in Sources */,
				0DAF2FE21B7E9D290045CE08 /* ServiceModuleAssembly.m in Sources */,
				0DB25A051B9A9688002F6E30 /* TopicCellPresenter.m in Sources */,
				0D9E12F11BE6EC1E00506BBB /* MapFiltersViewController.m in Sources */,
				0D8580EF1BBB6B17002CEB2B /* MappingProvider.m in Sources */,
				113E46A61B62CD4B00ADF8AC /* ProfileModuleAssembly.m in Sources */,
				0D11F48B1BB37DCD00AFE46D /* TermsAndConditionsViewController.m in Sources */,
				11DEE6911B5D6DF900DCDE3E /* LoginViewController.m in Sources */,
				0DEBE1D11BC1D58E00906E52 /* LocationManager.m in Sources */,
				11DEE6A91B5D774900DCDE3E /* SWRevealDirector.m in Sources */,
				0DB1E7051BC5ED71004A86A9 /* UIImage+AverageColor.m in Sources */,
				0D7C574C1BC1B0B300A402CF /* BeautyCenter.m in Sources */,
				0DB589271BE99EB80033D027 /* MapFilters.m in Sources */,
				0DB1E6FC1BC5E7F4004A86A9 /* SelectedTopicsViewController.m in Sources */,
				0D6199D61BC0A18000A8C987 /* PositiveActionViewController.m in Sources */,
				0D17637F1BB4646100C6E664 /* QueEsModuleAssembly.m in Sources */,
				1113AA161B5F044F0066E7BB /* MenuProfilePresenter.m in Sources */,
				0DF920E71BC0851800BAA52C /* FakeModalAnimator.m in Sources */,
				0DBD21A01BA3780B002AC53C /* User.m in Sources */,
				0DCD99D51B8F7FD500FF738E /* UIImage+Color.m in Sources */,
				11DEE6B31B5D818500DCDE3E /* LoginView.m in Sources */,
				11DEE6941B5D6E7F00DCDE3E /* LoginModuleAssembly.m in Sources */,
				0D1763851BB464C300C6E664 /* QueEsPresenter.m in Sources */,
				0D8B6AFB1BCEE09D00D04A75 /* SelectedTopicsCollectionView.m in Sources */,
			);
			runOnlyForDeploymentPostprocessing = 0;
		};
		11A0941A1B5D61B100E4FB06 /* Sources */ = {
			isa = PBXSourcesBuildPhase;
			buildActionMask = 2147483647;
			files = (
				11A094251B5D61B100E4FB06 /* UnDiaParaDarTests.m in Sources */,
			);
			runOnlyForDeploymentPostprocessing = 0;
		};
/* End PBXSourcesBuildPhase section */

/* Begin PBXTargetDependency section */
		11A094201B5D61B100E4FB06 /* PBXTargetDependency */ = {
			isa = PBXTargetDependency;
			target = 11A094041B5D61B100E4FB06 /* UnDiaParaDar */;
			targetProxy = 11A0941F1B5D61B100E4FB06 /* PBXContainerItemProxy */;
		};
/* End PBXTargetDependency section */

/* Begin PBXVariantGroup section */
		0D6612CE1B98CA76006C272F /* Localizable.strings */ = {
			isa = PBXVariantGroup;
			children = (
				0D6612CD1B98CA76006C272F /* Base */,
				0D6612CF1B98CA96006C272F /* es */,
			);
			name = Localizable.strings;
			sourceTree = "<group>";
		};
/* End PBXVariantGroup section */

/* Begin XCBuildConfiguration section */
		11A094261B5D61B100E4FB06 /* Debug */ = {
			isa = XCBuildConfiguration;
			buildSettings = {
				ALWAYS_SEARCH_USER_PATHS = NO;
				CLANG_CXX_LANGUAGE_STANDARD = "gnu++0x";
				CLANG_CXX_LIBRARY = "libc++";
				CLANG_ENABLE_MODULES = YES;
				CLANG_ENABLE_OBJC_ARC = YES;
				CLANG_WARN_BOOL_CONVERSION = YES;
				CLANG_WARN_CONSTANT_CONVERSION = YES;
				CLANG_WARN_DIRECT_OBJC_ISA_USAGE = YES_ERROR;
				CLANG_WARN_EMPTY_BODY = YES;
				CLANG_WARN_ENUM_CONVERSION = YES;
				CLANG_WARN_INT_CONVERSION = YES;
				CLANG_WARN_OBJC_ROOT_CLASS = YES_ERROR;
				CLANG_WARN_UNREACHABLE_CODE = YES;
				CLANG_WARN__DUPLICATE_METHOD_MATCH = YES;
				CODE_SIGN_IDENTITY = "iPhone Developer";
				"CODE_SIGN_IDENTITY[sdk=iphoneos*]" = "iPhone Developer";
				COPY_PHASE_STRIP = NO;
				DEBUG_INFORMATION_FORMAT = "dwarf-with-dsym";
				ENABLE_STRICT_OBJC_MSGSEND = YES;
				GCC_C_LANGUAGE_STANDARD = gnu99;
				GCC_DYNAMIC_NO_PIC = NO;
				GCC_NO_COMMON_BLOCKS = YES;
				GCC_OPTIMIZATION_LEVEL = 0;
				GCC_PREPROCESSOR_DEFINITIONS = (
					"DEBUG=1",
					"$(inherited)",
				);
				GCC_SYMBOLS_PRIVATE_EXTERN = NO;
				GCC_WARN_64_TO_32_BIT_CONVERSION = YES;
				GCC_WARN_ABOUT_RETURN_TYPE = YES_ERROR;
				GCC_WARN_UNDECLARED_SELECTOR = YES;
				GCC_WARN_UNINITIALIZED_AUTOS = YES_AGGRESSIVE;
				GCC_WARN_UNUSED_FUNCTION = YES;
				GCC_WARN_UNUSED_VARIABLE = YES;
				IPHONEOS_DEPLOYMENT_TARGET = 7.1;
				MTL_ENABLE_DEBUG_INFO = YES;
				ONLY_ACTIVE_ARCH = YES;
				SDKROOT = iphoneos;
			};
			name = Debug;
		};
		11A094271B5D61B100E4FB06 /* Release */ = {
			isa = XCBuildConfiguration;
			buildSettings = {
				ALWAYS_SEARCH_USER_PATHS = NO;
				CLANG_CXX_LANGUAGE_STANDARD = "gnu++0x";
				CLANG_CXX_LIBRARY = "libc++";
				CLANG_ENABLE_MODULES = YES;
				CLANG_ENABLE_OBJC_ARC = YES;
				CLANG_WARN_BOOL_CONVERSION = YES;
				CLANG_WARN_CONSTANT_CONVERSION = YES;
				CLANG_WARN_DIRECT_OBJC_ISA_USAGE = YES_ERROR;
				CLANG_WARN_EMPTY_BODY = YES;
				CLANG_WARN_ENUM_CONVERSION = YES;
				CLANG_WARN_INT_CONVERSION = YES;
				CLANG_WARN_OBJC_ROOT_CLASS = YES_ERROR;
				CLANG_WARN_UNREACHABLE_CODE = YES;
				CLANG_WARN__DUPLICATE_METHOD_MATCH = YES;
				CODE_SIGN_IDENTITY = "iPhone Developer: Facundo Menzella (P77MZ4ASME)";
				"CODE_SIGN_IDENTITY[sdk=iphoneos*]" = "iPhone Developer";
				COPY_PHASE_STRIP = NO;
				DEBUG_INFORMATION_FORMAT = "dwarf-with-dsym";
				ENABLE_NS_ASSERTIONS = NO;
				ENABLE_STRICT_OBJC_MSGSEND = YES;
				GCC_C_LANGUAGE_STANDARD = gnu99;
				GCC_NO_COMMON_BLOCKS = YES;
				GCC_WARN_64_TO_32_BIT_CONVERSION = YES;
				GCC_WARN_ABOUT_RETURN_TYPE = YES_ERROR;
				GCC_WARN_UNDECLARED_SELECTOR = YES;
				GCC_WARN_UNINITIALIZED_AUTOS = YES_AGGRESSIVE;
				GCC_WARN_UNUSED_FUNCTION = YES;
				GCC_WARN_UNUSED_VARIABLE = YES;
				IPHONEOS_DEPLOYMENT_TARGET = 7.1;
				MTL_ENABLE_DEBUG_INFO = NO;
				SDKROOT = iphoneos;
				VALIDATE_PRODUCT = YES;
			};
			name = Release;
		};
		11A094291B5D61B100E4FB06 /* Debug */ = {
			isa = XCBuildConfiguration;
			baseConfigurationReference = A108957507AEF20E1CD92D55 /* Pods-UnDiaParaDar.debug.xcconfig */;
			buildSettings = {
				ASSETCATALOG_COMPILER_APPICON_NAME = AppIcon;
				ASSETCATALOG_COMPILER_LAUNCHIMAGE_NAME = LaunchImage;
				CODE_SIGN_IDENTITY = "iPhone Developer";
				INFOPLIST_FILE = UnDiaParaDar/Info.plist;
				IPHONEOS_DEPLOYMENT_TARGET = 7.1;
				LD_RUNPATH_SEARCH_PATHS = "$(inherited) @executable_path/Frameworks";
				PRODUCT_NAME = "$(TARGET_NAME)";
				TARGETED_DEVICE_FAMILY = 1;
			};
			name = Debug;
		};
		11A0942A1B5D61B100E4FB06 /* Release */ = {
			isa = XCBuildConfiguration;
			baseConfigurationReference = 06C0FA932F79B7DB4ECAB673 /* Pods-UnDiaParaDar.release.xcconfig */;
			buildSettings = {
				ASSETCATALOG_COMPILER_APPICON_NAME = AppIcon;
				ASSETCATALOG_COMPILER_LAUNCHIMAGE_NAME = LaunchImage;
				CODE_SIGN_IDENTITY = "iPhone Developer";
				INFOPLIST_FILE = UnDiaParaDar/Info.plist;
				IPHONEOS_DEPLOYMENT_TARGET = 7.1;
				LD_RUNPATH_SEARCH_PATHS = "$(inherited) @executable_path/Frameworks";
				PRODUCT_NAME = "$(TARGET_NAME)";
				TARGETED_DEVICE_FAMILY = 1;
			};
			name = Release;
		};
		11A0942C1B5D61B100E4FB06 /* Debug */ = {
			isa = XCBuildConfiguration;
			buildSettings = {
				BUNDLE_LOADER = "$(TEST_HOST)";
				FRAMEWORK_SEARCH_PATHS = (
					"$(SDKROOT)/Developer/Library/Frameworks",
					"$(inherited)",
				);
				GCC_PREPROCESSOR_DEFINITIONS = (
					"DEBUG=1",
					"$(inherited)",
				);
				INFOPLIST_FILE = UnDiaParaDarTests/Info.plist;
				LD_RUNPATH_SEARCH_PATHS = "$(inherited) @executable_path/Frameworks @loader_path/Frameworks";
				PRODUCT_NAME = "$(TARGET_NAME)";
				TEST_HOST = "$(BUILT_PRODUCTS_DIR)/UnDiaParaDar.app/UnDiaParaDar";
			};
			name = Debug;
		};
		11A0942D1B5D61B100E4FB06 /* Release */ = {
			isa = XCBuildConfiguration;
			buildSettings = {
				BUNDLE_LOADER = "$(TEST_HOST)";
				FRAMEWORK_SEARCH_PATHS = (
					"$(SDKROOT)/Developer/Library/Frameworks",
					"$(inherited)",
				);
				INFOPLIST_FILE = UnDiaParaDarTests/Info.plist;
				LD_RUNPATH_SEARCH_PATHS = "$(inherited) @executable_path/Frameworks @loader_path/Frameworks";
				PRODUCT_NAME = "$(TARGET_NAME)";
				TEST_HOST = "$(BUILT_PRODUCTS_DIR)/UnDiaParaDar.app/UnDiaParaDar";
			};
			name = Release;
		};
/* End XCBuildConfiguration section */

/* Begin XCConfigurationList section */
		11A094001B5D61B100E4FB06 /* Build configuration list for PBXProject "UnDiaParaDar" */ = {
			isa = XCConfigurationList;
			buildConfigurations = (
				11A094261B5D61B100E4FB06 /* Debug */,
				11A094271B5D61B100E4FB06 /* Release */,
			);
			defaultConfigurationIsVisible = 0;
			defaultConfigurationName = Release;
		};
		11A094281B5D61B100E4FB06 /* Build configuration list for PBXNativeTarget "UnDiaParaDar" */ = {
			isa = XCConfigurationList;
			buildConfigurations = (
				11A094291B5D61B100E4FB06 /* Debug */,
				11A0942A1B5D61B100E4FB06 /* Release */,
			);
			defaultConfigurationIsVisible = 0;
			defaultConfigurationName = Release;
		};
		11A0942B1B5D61B100E4FB06 /* Build configuration list for PBXNativeTarget "UnDiaParaDarTests" */ = {
			isa = XCConfigurationList;
			buildConfigurations = (
				11A0942C1B5D61B100E4FB06 /* Debug */,
				11A0942D1B5D61B100E4FB06 /* Release */,
			);
			defaultConfigurationIsVisible = 0;
			defaultConfigurationName = Release;
		};
/* End XCConfigurationList section */
	};
	rootObject = 11A093FD1B5D61B100E4FB06 /* Project object */;
}
